// !$*UTF8*$!
{
	archiveVersion = 1;
	classes = {
	};
	objectVersion = 46;
	objects = {

/* Begin PBXBuildFile section */
		55EAE8991AEA177C009E77DB /* main.m in Sources */ = {isa = PBXBuildFile; fileRef = 55EAE8981AEA177C009E77DB /* main.m */; };
		55EAE89C1AEA177C009E77DB /* AppDelegate.m in Sources */ = {isa = PBXBuildFile; fileRef = 55EAE89B1AEA177C009E77DB /* AppDelegate.m */; };
		55EAE89F1AEA177C009E77DB /* ViewController.m in Sources */ = {isa = PBXBuildFile; fileRef = 55EAE89E1AEA177C009E77DB /* ViewController.m */; };
		55EAE8A21AEA177C009E77DB /* Main.storyboard in Resources */ = {isa = PBXBuildFile; fileRef = 55EAE8A01AEA177C009E77DB /* Main.storyboard */; };
		55EAE8A41AEA177C009E77DB /* Images.xcassets in Resources */ = {isa = PBXBuildFile; fileRef = 55EAE8A31AEA177C009E77DB /* Images.xcassets */; };
		55EAE8A71AEA177C009E77DB /* LaunchScreen.xib in Resources */ = {isa = PBXBuildFile; fileRef = 55EAE8A51AEA177C009E77DB /* LaunchScreen.xib */; };
		55EAE8B31AEA177C009E77DB /* CoreAnimatorTestTests.m in Sources */ = {isa = PBXBuildFile; fileRef = 55EAE8B21AEA177C009E77DB /* CoreAnimatorTestTests.m */; };
		55EAE8D11AEA1C9F009E77DB /* loading.png in Resources */ = {isa = PBXBuildFile; fileRef = 55EAE8CD1AEA1C9F009E77DB /* loading.png */; };
		55EAE8D21AEA1C9F009E77DB /* loading@2x.png in Resources */ = {isa = PBXBuildFile; fileRef = 55EAE8CE1AEA1C9F009E77DB /* loading@2x.png */; };
		55EAE8D31AEA1C9F009E77DB /* UntitledView.m in Sources */ = {isa = PBXBuildFile; fileRef = 55EAE8D01AEA1C9F009E77DB /* UntitledView.m */; };
/* End PBXBuildFile section */

/* Begin PBXContainerItemProxy section */
		55EAE8AD1AEA177C009E77DB /* PBXContainerItemProxy */ = {
			isa = PBXContainerItemProxy;
			containerPortal = 55EAE88B1AEA177C009E77DB /* Project object */;
			proxyType = 1;
			remoteGlobalIDString = 55EAE8921AEA177C009E77DB;
			remoteInfo = CoreAnimatorTest;
		};
/* End PBXContainerItemProxy section */

/* Begin PBXFileReference section */
		55EAE8931AEA177C009E77DB /* CoreAnimatorTest.app */ = {isa = PBXFileReference; explicitFileType = wrapper.application; includeInIndex = 0; path = CoreAnimatorTest.app; sourceTree = BUILT_PRODUCTS_DIR; };
		55EAE8971AEA177C009E77DB /* Info.plist */ = {isa = PBXFileReference; lastKnownFileType = text.plist.xml; path = Info.plist; sourceTree = "<group>"; };
		55EAE8981AEA177C009E77DB /* main.m */ = {isa = PBXFileReference; lastKnownFileType = sourcecode.c.objc; path = main.m; sourceTree = "<group>"; };
		55EAE89A1AEA177C009E77DB /* AppDelegate.h */ = {isa = PBXFileReference; lastKnownFileType = sourcecode.c.h; path = AppDelegate.h; sourceTree = "<group>"; };
		55EAE89B1AEA177C009E77DB /* AppDelegate.m */ = {isa = PBXFileReference; lastKnownFileType = sourcecode.c.objc; path = AppDelegate.m; sourceTree = "<group>"; };
		55EAE89D1AEA177C009E77DB /* ViewController.h */ = {isa = PBXFileReference; lastKnownFileType = sourcecode.c.h; path = ViewController.h; sourceTree = "<group>"; };
		55EAE89E1AEA177C009E77DB /* ViewController.m */ = {isa = PBXFileReference; lastKnownFileType = sourcecode.c.objc; path = ViewController.m; sourceTree = "<group>"; };
		55EAE8A11AEA177C009E77DB /* Base */ = {isa = PBXFileReference; lastKnownFileType = file.storyboard; name = Base; path = Base.lproj/Main.storyboard; sourceTree = "<group>"; };
		55EAE8A31AEA177C009E77DB /* Images.xcassets */ = {isa = PBXFileReference; lastKnownFileType = folder.assetcatalog; path = Images.xcassets; sourceTree = "<group>"; };
		55EAE8A61AEA177C009E77DB /* Base */ = {isa = PBXFileReference; lastKnownFileType = file.xib; name = Base; path = Base.lproj/LaunchScreen.xib; sourceTree = "<group>"; };
		55EAE8AC1AEA177C009E77DB /* CoreAnimatorTestTests.xctest */ = {isa = PBXFileReference; explicitFileType = wrapper.cfbundle; includeInIndex = 0; path = CoreAnimatorTestTests.xctest; sourceTree = BUILT_PRODUCTS_DIR; };
		55EAE8B11AEA177C009E77DB /* Info.plist */ = {isa = PBXFileReference; lastKnownFileType = text.plist.xml; path = Info.plist; sourceTree = "<group>"; };
		55EAE8B21AEA177C009E77DB /* CoreAnimatorTestTests.m */ = {isa = PBXFileReference; lastKnownFileType = sourcecode.c.objc; path = CoreAnimatorTestTests.m; sourceTree = "<group>"; };
		55EAE8CD1AEA1C9F009E77DB /* loading.png */ = {isa = PBXFileReference; lastKnownFileType = image.png; path = loading.png; sourceTree = "<group>"; };
		55EAE8CE1AEA1C9F009E77DB /* loading@2x.png */ = {isa = PBXFileReference; lastKnownFileType = image.png; path = "loading@2x.png"; sourceTree = "<group>"; };
		55EAE8CF1AEA1C9F009E77DB /* UntitledView.h */ = {isa = PBXFileReference; fileEncoding = 4; lastKnownFileType = sourcecode.c.h; path = UntitledView.h; sourceTree = "<group>"; };
		55EAE8D01AEA1C9F009E77DB /* UntitledView.m */ = {isa = PBXFileReference; fileEncoding = 4; lastKnownFileType = sourcecode.c.objc; path = UntitledView.m; sourceTree = "<group>"; };
/* End PBXFileReference section */

/* Begin PBXFrameworksBuildPhase section */
		55EAE8901AEA177C009E77DB /* Frameworks */ = {
			isa = PBXFrameworksBuildPhase;
			buildActionMask = 2147483647;
			files = (
			);
			runOnlyForDeploymentPostprocessing = 0;
		};
		55EAE8A91AEA177C009E77DB /* Frameworks */ = {
			isa = PBXFrameworksBuildPhase;
			buildActionMask = 2147483647;
			files = (
			);
			runOnlyForDeploymentPostprocessing = 0;
		};
/* End PBXFrameworksBuildPhase section */

/* Begin PBXGroup section */
		55EAE88A1AEA177C009E77DB = {
			isa = PBXGroup;
			children = (
				55EAE8951AEA177C009E77DB /* CoreAnimatorTest */,
				55EAE8AF1AEA177C009E77DB /* CoreAnimatorTestTests */,
				55EAE8941AEA177C009E77DB /* Products */,
			);
			sourceTree = "<group>";
		};
		55EAE8941AEA177C009E77DB /* Products */ = {
			isa = PBXGroup;
			children = (
				55EAE8931AEA177C009E77DB /* CoreAnimatorTest.app */,
				55EAE8AC1AEA177C009E77DB /* CoreAnimatorTestTests.xctest */,
			);
			name = Products;
			sourceTree = "<group>";
		};
		55EAE8951AEA177C009E77DB /* CoreAnimatorTest */ = {
			isa = PBXGroup;
			children = (
				55EAE8CC1AEA1C9F009E77DB /* images */,
				55EAE8CF1AEA1C9F009E77DB /* UntitledView.h */,
				55EAE8D01AEA1C9F009E77DB /* UntitledView.m */,
				55EAE89A1AEA177C009E77DB /* AppDelegate.h */,
				55EAE89B1AEA177C009E77DB /* AppDelegate.m */,
				55EAE89D1AEA177C009E77DB /* ViewController.h */,
				55EAE89E1AEA177C009E77DB /* ViewController.m */,
				55EAE8A01AEA177C009E77DB /* Main.storyboard */,
				55EAE8A31AEA177C009E77DB /* Images.xcassets */,
				55EAE8A51AEA177C009E77DB /* LaunchScreen.xib */,
				55EAE8961AEA177C009E77DB /* Supporting Files */,
			);
			path = CoreAnimatorTest;
			sourceTree = "<group>";
		};
		55EAE8961AEA177C009E77DB /* Supporting Files */ = {
			isa = PBXGroup;
			children = (
				55EAE8971AEA177C009E77DB /* Info.plist */,
				55EAE8981AEA177C009E77DB /* main.m */,
			);
			name = "Supporting Files";
			sourceTree = "<group>";
		};
		55EAE8AF1AEA177C009E77DB /* CoreAnimatorTestTests */ = {
			isa = PBXGroup;
			children = (
				55EAE8B21AEA177C009E77DB /* CoreAnimatorTestTests.m */,
				55EAE8B01AEA177C009E77DB /* Supporting Files */,
			);
			path = CoreAnimatorTestTests;
			sourceTree = "<group>";
		};
		55EAE8B01AEA177C009E77DB /* Supporting Files */ = {
			isa = PBXGroup;
			children = (
				55EAE8B11AEA177C009E77DB /* Info.plist */,
			);
			name = "Supporting Files";
			sourceTree = "<group>";
		};
		55EAE8CC1AEA1C9F009E77DB /* images */ = {
			isa = PBXGroup;
			children = (
				55EAE8CD1AEA1C9F009E77DB /* loading.png */,
				55EAE8CE1AEA1C9F009E77DB /* loading@2x.png */,
			);
			path = images;
			sourceTree = "<group>";
		};
/* End PBXGroup section */

/* Begin PBXNativeTarget section */
		55EAE8921AEA177C009E77DB /* CoreAnimatorTest */ = {
			isa = PBXNativeTarget;
			buildConfigurationList = 55EAE8B61AEA177C009E77DB /* Build configuration list for PBXNativeTarget "CoreAnimatorTest" */;
			buildPhases = (
				55EAE88F1AEA177C009E77DB /* Sources */,
				55EAE8901AEA177C009E77DB /* Frameworks */,
				55EAE8911AEA177C009E77DB /* Resources */,
			);
			buildRules = (
			);
			dependencies = (
			);
			name = CoreAnimatorTest;
			productName = CoreAnimatorTest;
			productReference = 55EAE8931AEA177C009E77DB /* CoreAnimatorTest.app */;
			productType = "com.apple.product-type.application";
		};
		55EAE8AB1AEA177C009E77DB /* CoreAnimatorTestTests */ = {
			isa = PBXNativeTarget;
			buildConfigurationList = 55EAE8B91AEA177C009E77DB /* Build configuration list for PBXNativeTarget "CoreAnimatorTestTests" */;
			buildPhases = (
				55EAE8A81AEA177C009E77DB /* Sources */,
				55EAE8A91AEA177C009E77DB /* Frameworks */,
				55EAE8AA1AEA177C009E77DB /* Resources */,
			);
			buildRules = (
			);
			dependencies = (
				55EAE8AE1AEA177C009E77DB /* PBXTargetDependency */,
			);
			name = CoreAnimatorTestTests;
			productName = CoreAnimatorTestTests;
			productReference = 55EAE8AC1AEA177C009E77DB /* CoreAnimatorTestTests.xctest */;
			productType = "com.apple.product-type.bundle.unit-test";
		};
/* End PBXNativeTarget section */

/* Begin PBXProject section */
		55EAE88B1AEA177C009E77DB /* Project object */ = {
			isa = PBXProject;
			attributes = {
				LastUpgradeCheck = 0630;
				ORGANIZATIONNAME = lbencs;
				TargetAttributes = {
					55EAE8921AEA177C009E77DB = {
						CreatedOnToolsVersion = 6.3;
					};
					55EAE8AB1AEA177C009E77DB = {
						CreatedOnToolsVersion = 6.3;
						TestTargetID = 55EAE8921AEA177C009E77DB;
					};
				};
			};
			buildConfigurationList = 55EAE88E1AEA177C009E77DB /* Build configuration list for PBXProject "CoreAnimatorTest" */;
			compatibilityVersion = "Xcode 3.2";
			developmentRegion = English;
			hasScannedForEncodings = 0;
			knownRegions = (
				en,
				Base,
			);
			mainGroup = 55EAE88A1AEA177C009E77DB;
			productRefGroup = 55EAE8941AEA177C009E77DB /* Products */;
			projectDirPath = "";
			projectRoot = "";
			targets = (
				55EAE8921AEA177C009E77DB /* CoreAnimatorTest */,
				55EAE8AB1AEA177C009E77DB /* CoreAnimatorTestTests */,
			);
		};
/* End PBXProject section */

/* Begin PBXResourcesBuildPhase section */
		55EAE8911AEA177C009E77DB /* Resources */ = {
			isa = PBXResourcesBuildPhase;
			buildActionMask = 2147483647;
			files = (
				55EAE8D11AEA1C9F009E77DB /* loading.png in Resources */,
				55EAE8A21AEA177C009E77DB /* Main.storyboard in Resources */,
				55EAE8A71AEA177C009E77DB /* LaunchScreen.xib in Resources */,
				55EAE8D21AEA1C9F009E77DB /* loading@2x.png in Resources */,
				55EAE8A41AEA177C009E77DB /* Images.xcassets in Resources */,
			);
			runOnlyForDeploymentPostprocessing = 0;
		};
		55EAE8AA1AEA177C009E77DB /* Resources */ = {
			isa = PBXResourcesBuildPhase;
			buildActionMask = 2147483647;
			files = (
			);
			runOnlyForDeploymentPostprocessing = 0;
		};
/* End PBXResourcesBuildPhase section */

/* Begin PBXSourcesBuildPhase section */
		55EAE88F1AEA177C009E77DB /* Sources */ = {
			isa = PBXSourcesBuildPhase;
			buildActionMask = 2147483647;
			files = (
				55EAE89F1AEA177C009E77DB /* ViewController.m in Sources */,
				55EAE8D31AEA1C9F009E77DB /* UntitledView.m in Sources */,
				55EAE89C1AEA177C009E77DB /* AppDelegate.m in Sources */,
				55EAE8991AEA177C009E77DB /* main.m in Sources */,
			);
			runOnlyForDeploymentPostprocessing = 0;
		};
		55EAE8A81AEA177C009E77DB /* Sources */ = {
			isa = PBXSourcesBuildPhase;
			buildActionMask = 2147483647;
			files = (
				55EAE8B31AEA177C009E77DB /* CoreAnimatorTestTests.m in Sources */,
			);
			runOnlyForDeploymentPostprocessing = 0;
		};
/* End PBXSourcesBuildPhase section */

/* Begin PBXTargetDependency section */
		55EAE8AE1AEA177C009E77DB /* PBXTargetDependency */ = {
			isa = PBXTargetDependency;
			target = 55EAE8921AEA177C009E77DB /* CoreAnimatorTest */;
			targetProxy = 55EAE8AD1AEA177C009E77DB /* PBXContainerItemProxy */;
		};
/* End PBXTargetDependency section */

/* Begin PBXVariantGroup section */
		55EAE8A01AEA177C009E77DB /* Main.storyboard */ = {
			isa = PBXVariantGroup;
			children = (
				55EAE8A11AEA177C009E77DB /* Base */,
			);
			name = Main.storyboard;
			sourceTree = "<group>";
		};
		55EAE8A51AEA177C009E77DB /* LaunchScreen.xib */ = {
			isa = PBXVariantGroup;
			children = (
				55EAE8A61AEA177C009E77DB /* Base */,
			);
			name = LaunchScreen.xib;
			sourceTree = "<group>";
		};
/* End PBXVariantGroup section */

/* Begin XCBuildConfiguration section */
		55EAE8B41AEA177C009E77DB /* Debug */ = {
			isa = XCBuildConfiguration;
			buildSettings = {
				ALWAYS_SEARCH_USER_PATHS = NO;
				CLANG_CXX_LANGUAGE_STANDARD = "gnu++0x";
				CLANG_CXX_LIBRARY = "libc++";
				CLANG_ENABLE_MODULES = YES;
				CLANG_ENABLE_OBJC_ARC = YES;
				CLANG_WARN_BOOL_CONVERSION = YES;
				CLANG_WARN_CONSTANT_CONVERSION = YES;
				CLANG_WARN_DIRECT_OBJC_ISA_USAGE = YES_ERROR;
				CLANG_WARN_EMPTY_BODY = YES;
				CLANG_WARN_ENUM_CONVERSION = YES;
				CLANG_WARN_INT_CONVERSION = YES;
				CLANG_WARN_OBJC_ROOT_CLASS = YES_ERROR;
				CLANG_WARN_UNREACHABLE_CODE = YES;
				CLANG_WARN__DUPLICATE_METHOD_MATCH = YES;
				"CODE_SIGN_IDENTITY[sdk=iphoneos*]" = "iPhone Developer";
				COPY_PHASE_STRIP = NO;
				DEBUG_INFORMATION_FORMAT = "dwarf-with-dsym";
				ENABLE_STRICT_OBJC_MSGSEND = YES;
				GCC_C_LANGUAGE_STANDARD = gnu99;
				GCC_DYNAMIC_NO_PIC = NO;
				GCC_NO_COMMON_BLOCKS = YES;
				GCC_OPTIMIZATION_LEVEL = 0;
				GCC_PREPROCESSOR_DEFINITIONS = (
					"DEBUG=1",
					"$(inherited)",
				);
				GCC_SYMBOLS_PRIVATE_EXTERN = NO;
				GCC_WARN_64_TO_32_BIT_CONVERSION = YES;
				GCC_WARN_ABOUT_RETURN_TYPE = YES_ERROR;
				GCC_WARN_UNDECLARED_SELECTOR = YES;
				GCC_WARN_UNINITIALIZED_AUTOS = YES_AGGRESSIVE;
				GCC_WARN_UNUSED_FUNCTION = YES;
				GCC_WARN_UNUSED_VARIABLE = YES;
				IPHONEOS_DEPLOYMENT_TARGET = 8.3;
				MTL_ENABLE_DEBUG_INFO = YES;
				ONLY_ACTIVE_ARCH = YES;
				SDKROOT = iphoneos;
				TARGETED_DEVICE_FAMILY = "1,2";
			};
			name = Debug;
		};
		55EAE8B51AEA177C009E77DB /* Release */ = {
			isa = XCBuildConfiguration;
			buildSettings = {
				ALWAYS_SEARCH_USER_PATHS = NO;
				CLANG_CXX_LANGUAGE_STANDARD = "gnu++0x";
				CLANG_CXX_LIBRARY = "libc++";
				CLANG_ENABLE_MODULES = YES;
				CLANG_ENABLE_OBJC_ARC = YES;
				CLANG_WARN_BOOL_CONVERSION = YES;
				CLANG_WARN_CONSTANT_CONVERSION = YES;
				CLANG_WARN_DIRECT_OBJC_ISA_USAGE = YES_ERROR;
				CLANG_WARN_EMPTY_BODY = YES;
				CLANG_WARN_ENUM_CONVERSION = YES;
				CLANG_WARN_INT_CONVERSION = YES;
				CLANG_WARN_OBJC_ROOT_CLASS = YES_ERROR;
				CLANG_WARN_UNREACHABLE_CODE = YES;
				CLANG_WARN__DUPLICATE_METHOD_MATCH = YES;
				"CODE_SIGN_IDENTITY[sdk=iphoneos*]" = "iPhone Developer";
				COPY_PHASE_STRIP = NO;
				DEBUG_INFORMATION_FORMAT = "dwarf-with-dsym";
				ENABLE_NS_ASSERTIONS = NO;
				ENABLE_STRICT_OBJC_MSGSEND = YES;
				GCC_C_LANGUAGE_STANDARD = gnu99;
				GCC_NO_COMMON_BLOCKS = YES;
				GCC_WARN_64_TO_32_BIT_CONVERSION = YES;
				GCC_WARN_ABOUT_RETURN_TYPE = YES_ERROR;
				GCC_WARN_UNDECLARED_SELECTOR = YES;
				GCC_WARN_UNINITIALIZED_AUTOS = YES_AGGRESSIVE;
				GCC_WARN_UNUSED_FUNCTION = YES;
				GCC_WARN_UNUSED_VARIABLE = YES;
				IPHONEOS_DEPLOYMENT_TARGET = 8.3;
				MTL_ENABLE_DEBUG_INFO = NO;
				SDKROOT = iphoneos;
				TARGETED_DEVICE_FAMILY = "1,2";
				VALIDATE_PRODUCT = YES;
			};
			name = Release;
		};
		55EAE8B71AEA177C009E77DB /* Debug */ = {
			isa = XCBuildConfiguration;
			buildSettings = {
				ASSETCATALOG_COMPILER_APPICON_NAME = AppIcon;
				INFOPLIST_FILE = CoreAnimatorTest/Info.plist;
				LD_RUNPATH_SEARCH_PATHS = "$(inherited) @executable_path/Frameworks";
				PRODUCT_NAME = "$(TARGET_NAME)";
			};
			name = Debug;
		};
		55EAE8B81AEA177C009E77DB /* Release */ = {
			isa = XCBuildConfiguration;
			buildSettings = {
				ASSETCATALOG_COMPILER_APPICON_NAME = AppIcon;
				INFOPLIST_FILE = CoreAnimatorTest/Info.plist;
				LD_RUNPATH_SEARCH_PATHS = "$(inherited) @executable_path/Frameworks";
				PRODUCT_NAME = "$(TARGET_NAME)";
			};
			name = Release;
		};
		55EAE8BA1AEA177C009E77DB /* Debug */ = {
			isa = XCBuildConfiguration;
			buildSettings = {
				BUNDLE_LOADER = "$(TEST_HOST)";
				FRAMEWORK_SEARCH_PATHS = (
					"$(SDKROOT)/Developer/Library/Frameworks",
					"$(inherited)",
				);
				GCC_PREPROCESSOR_DEFINITIONS = (
					"DEBUG=1",
					"$(inherited)",
				);
				INFOPLIST_FILE = CoreAnimatorTestTests/Info.plist;
				LD_RUNPATH_SEARCH_PATHS = "$(inherited) @executable_path/Frameworks @loader_path/Frameworks";
				PRODUCT_NAME = "$(TARGET_NAME)";
				TEST_HOST = "$(BUILT_PRODUCTS_DIR)/CoreAnimatorTest.app/CoreAnimatorTest";
			};
			name = Debug;
		};
		55EAE8BB1AEA177C009E77DB /* Release */ = {
			isa = XCBuildConfiguration;
			buildSettings = {
				BUNDLE_LOADER = "$(TEST_HOST)";
				FRAMEWORK_SEARCH_PATHS = (
					"$(SDKROOT)/Developer/Library/Frameworks",
					"$(inherited)",
				);
				INFOPLIST_FILE = CoreAnimatorTestTests/Info.plist;
				LD_RUNPATH_SEARCH_PATHS = "$(inherited) @executable_path/Frameworks @loader_path/Frameworks";
				PRODUCT_NAME = "$(TARGET_NAME)";
				TEST_HOST = "$(BUILT_PRODUCTS_DIR)/CoreAnimatorTest.app/CoreAnimatorTest";
			};
			name = Release;
		};
/* End XCBuildConfiguration section */

/* Begin XCConfigurationList section */
		55EAE88E1AEA177C009E77DB /* Build configuration list for PBXProject "CoreAnimatorTest" */ = {
			isa = XCConfigurationList;
			buildConfigurations = (
				55EAE8B41AEA177C009E77DB /* Debug */,
				55EAE8B51AEA177C009E77DB /* Release */,
			);
			defaultConfigurationIsVisible = 0;
			defaultConfigurationName = Release;
		};
		55EAE8B61AEA177C009E77DB /* Build configuration list for PBXNativeTarget "CoreAnimatorTest" */ = {
			isa = XCConfigurationList;
			buildConfigurations = (
				55EAE8B71AEA177C009E77DB /* Debug */,
				55EAE8B81AEA177C009E77DB /* Release */,
			);
			defaultConfigurationIsVisible = 0;
		};
		55EAE8B91AEA177C009E77DB /* Build configuration list for PBXNativeTarget "CoreAnimatorTestTests" */ = {
			isa = XCConfigurationList;
			buildConfigurations = (
				55EAE8BA1AEA177C009E77DB /* Debug */,
				55EAE8BB1AEA177C009E77DB /* Release */,
			);
			defaultConfigurationIsVisible = 0;
		};
/* End XCConfigurationList section */
	};
	rootObject = 55EAE88B1AEA177C009E77DB /* Project object */;
}
