// !$*UTF8*$!
{
	archiveVersion = 1;
	classes = {
	};
	objectVersion = 46;
	objects = {

/* Begin PBXBuildFile section */
		554958CD1B19D2630006CBF5 /* libBlockLib.a in Frameworks */ = {isa = PBXBuildFile; fileRef = 554958C11B19D2630006CBF5 /* libBlockLib.a */; };
		554958E91B19D6D40006CBF5 /* NSTimer+BlockLib.m in Sources */ = {isa = PBXBuildFile; fileRef = 554958E81B19D6D40006CBF5 /* NSTimer+BlockLib.m */; };
		BDF2DB621B1C2DDF00D842CD /* NSObject+BlockLib.m in Sources */ = {isa = PBXBuildFile; fileRef = BDF2DB611B1C2DDF00D842CD /* NSObject+BlockLib.m */; };
		BDF2DB651B1C2DF900D842CD /* UIButton+BlockLib.m in Sources */ = {isa = PBXBuildFile; fileRef = BDF2DB641B1C2DF900D842CD /* UIButton+BlockLib.m */; };
		BDF2DB681B1C317700D842CD /* UIControl+BlockLib.m in Sources */ = {isa = PBXBuildFile; fileRef = BDF2DB671B1C317700D842CD /* UIControl+BlockLib.m */; };
		BDF2DB6B1B1C3B6800D842CD /* UIView+BlockLib.m in Sources */ = {isa = PBXBuildFile; fileRef = BDF2DB6A1B1C3B6800D842CD /* UIView+BlockLib.m */; };
		BDF2DB6E1B1C3B8D00D842CD /* UIResponder+BlockLib.m in Sources */ = {isa = PBXBuildFile; fileRef = BDF2DB6D1B1C3B8D00D842CD /* UIResponder+BlockLib.m */; };
		BDF2DB711B1C3C9D00D842CD /* UIAlertView+BlockLib.m in Sources */ = {isa = PBXBuildFile; fileRef = BDF2DB701B1C3C9D00D842CD /* UIAlertView+BlockLib.m */; };
		BDF2DB741B1C4F5700D842CD /* UIPickerView+BlockLib.m in Sources */ = {isa = PBXBuildFile; fileRef = BDF2DB731B1C4F5700D842CD /* UIPickerView+BlockLib.m */; };
		BDF2DB771B1C4FD000D842CD /* UIActionSheet+BlockLib.m in Sources */ = {isa = PBXBuildFile; fileRef = BDF2DB761B1C4FD000D842CD /* UIActionSheet+BlockLib.m */; };
/* End PBXBuildFile section */

/* Begin PBXContainerItemProxy section */
		554958CE1B19D2630006CBF5 /* PBXContainerItemProxy */ = {
			isa = PBXContainerItemProxy;
			containerPortal = 554958B91B19D2630006CBF5 /* Project object */;
			proxyType = 1;
			remoteGlobalIDString = 554958C01B19D2630006CBF5;
			remoteInfo = BlockLib;
		};
/* End PBXContainerItemProxy section */

/* Begin PBXCopyFilesBuildPhase section */
		554958BF1B19D2630006CBF5 /* CopyFiles */ = {
			isa = PBXCopyFilesBuildPhase;
			buildActionMask = 2147483647;
			dstPath = "include/$(PRODUCT_NAME)";
			dstSubfolderSpec = 16;
			files = (
			);
			runOnlyForDeploymentPostprocessing = 0;
		};
/* End PBXCopyFilesBuildPhase section */

/* Begin PBXFileReference section */
		554958C11B19D2630006CBF5 /* libBlockLib.a */ = {isa = PBXFileReference; explicitFileType = archive.ar; includeInIndex = 0; path = libBlockLib.a; sourceTree = BUILT_PRODUCTS_DIR; };
		554958CC1B19D2630006CBF5 /* BlockLibTests.xctest */ = {isa = PBXFileReference; explicitFileType = wrapper.cfbundle; includeInIndex = 0; path = BlockLibTests.xctest; sourceTree = BUILT_PRODUCTS_DIR; };
		554958D21B19D2630006CBF5 /* Info.plist */ = {isa = PBXFileReference; lastKnownFileType = text.plist.xml; path = Info.plist; sourceTree = "<group>"; };
		554958E71B19D6D40006CBF5 /* NSTimer+BlockLib.h */ = {isa = PBXFileReference; fileEncoding = 4; lastKnownFileType = sourcecode.c.h; path = "NSTimer+BlockLib.h"; sourceTree = "<group>"; };
		554958E81B19D6D40006CBF5 /* NSTimer+BlockLib.m */ = {isa = PBXFileReference; fileEncoding = 4; lastKnownFileType = sourcecode.c.objc; path = "NSTimer+BlockLib.m"; sourceTree = "<group>"; };
		55CCCDA21B19EC7C008928A9 /* BlockLib.h */ = {isa = PBXFileReference; lastKnownFileType = sourcecode.c.h; path = BlockLib.h; sourceTree = "<group>"; };
		BDF2DB601B1C2DDF00D842CD /* NSObject+BlockLib.h */ = {isa = PBXFileReference; fileEncoding = 4; lastKnownFileType = sourcecode.c.h; path = "NSObject+BlockLib.h"; sourceTree = "<group>"; };
		BDF2DB611B1C2DDF00D842CD /* NSObject+BlockLib.m */ = {isa = PBXFileReference; fileEncoding = 4; lastKnownFileType = sourcecode.c.objc; path = "NSObject+BlockLib.m"; sourceTree = "<group>"; };
		BDF2DB631B1C2DF900D842CD /* UIButton+BlockLib.h */ = {isa = PBXFileReference; fileEncoding = 4; lastKnownFileType = sourcecode.c.h; path = "UIButton+BlockLib.h"; sourceTree = "<group>"; };
		BDF2DB641B1C2DF900D842CD /* UIButton+BlockLib.m */ = {isa = PBXFileReference; fileEncoding = 4; lastKnownFileType = sourcecode.c.objc; path = "UIButton+BlockLib.m"; sourceTree = "<group>"; };
		BDF2DB661B1C317700D842CD /* UIControl+BlockLib.h */ = {isa = PBXFileReference; fileEncoding = 4; lastKnownFileType = sourcecode.c.h; path = "UIControl+BlockLib.h"; sourceTree = "<group>"; };
		BDF2DB671B1C317700D842CD /* UIControl+BlockLib.m */ = {isa = PBXFileReference; fileEncoding = 4; lastKnownFileType = sourcecode.c.objc; path = "UIControl+BlockLib.m"; sourceTree = "<group>"; };
		BDF2DB691B1C3B6800D842CD /* UIView+BlockLib.h */ = {isa = PBXFileReference; fileEncoding = 4; lastKnownFileType = sourcecode.c.h; path = "UIView+BlockLib.h"; sourceTree = "<group>"; };
		BDF2DB6A1B1C3B6800D842CD /* UIView+BlockLib.m */ = {isa = PBXFileReference; fileEncoding = 4; lastKnownFileType = sourcecode.c.objc; path = "UIView+BlockLib.m"; sourceTree = "<group>"; };
		BDF2DB6C1B1C3B8D00D842CD /* UIResponder+BlockLib.h */ = {isa = PBXFileReference; fileEncoding = 4; lastKnownFileType = sourcecode.c.h; path = "UIResponder+BlockLib.h"; sourceTree = "<group>"; };
		BDF2DB6D1B1C3B8D00D842CD /* UIResponder+BlockLib.m */ = {isa = PBXFileReference; fileEncoding = 4; lastKnownFileType = sourcecode.c.objc; path = "UIResponder+BlockLib.m"; sourceTree = "<group>"; };
		BDF2DB6F1B1C3C9D00D842CD /* UIAlertView+BlockLib.h */ = {isa = PBXFileReference; fileEncoding = 4; lastKnownFileType = sourcecode.c.h; path = "UIAlertView+BlockLib.h"; sourceTree = "<group>"; };
		BDF2DB701B1C3C9D00D842CD /* UIAlertView+BlockLib.m */ = {isa = PBXFileReference; fileEncoding = 4; lastKnownFileType = sourcecode.c.objc; path = "UIAlertView+BlockLib.m"; sourceTree = "<group>"; };
		BDF2DB721B1C4F5700D842CD /* UIPickerView+BlockLib.h */ = {isa = PBXFileReference; fileEncoding = 4; lastKnownFileType = sourcecode.c.h; path = "UIPickerView+BlockLib.h"; sourceTree = "<group>"; };
		BDF2DB731B1C4F5700D842CD /* UIPickerView+BlockLib.m */ = {isa = PBXFileReference; fileEncoding = 4; lastKnownFileType = sourcecode.c.objc; path = "UIPickerView+BlockLib.m"; sourceTree = "<group>"; };
		BDF2DB751B1C4FD000D842CD /* UIActionSheet+BlockLib.h */ = {isa = PBXFileReference; fileEncoding = 4; lastKnownFileType = sourcecode.c.h; path = "UIActionSheet+BlockLib.h"; sourceTree = "<group>"; };
		BDF2DB761B1C4FD000D842CD /* UIActionSheet+BlockLib.m */ = {isa = PBXFileReference; fileEncoding = 4; lastKnownFileType = sourcecode.c.objc; path = "UIActionSheet+BlockLib.m"; sourceTree = "<group>"; };
/* End PBXFileReference section */

/* Begin PBXFrameworksBuildPhase section */
		554958BE1B19D2630006CBF5 /* Frameworks */ = {
			isa = PBXFrameworksBuildPhase;
			buildActionMask = 2147483647;
			files = (
			);
			runOnlyForDeploymentPostprocessing = 0;
		};
		554958C91B19D2630006CBF5 /* Frameworks */ = {
			isa = PBXFrameworksBuildPhase;
			buildActionMask = 2147483647;
			files = (
				554958CD1B19D2630006CBF5 /* libBlockLib.a in Frameworks */,
			);
			runOnlyForDeploymentPostprocessing = 0;
		};
/* End PBXFrameworksBuildPhase section */

/* Begin PBXGroup section */
		554958B81B19D2630006CBF5 = {
			isa = PBXGroup;
			children = (
				55CCCDA21B19EC7C008928A9 /* BlockLib.h */,
				554958C31B19D2630006CBF5 /* BlockLib */,
				554958D01B19D2630006CBF5 /* BlockLibTests */,
				554958C21B19D2630006CBF5 /* Products */,
			);
			sourceTree = "<group>";
		};
		554958C21B19D2630006CBF5 /* Products */ = {
			isa = PBXGroup;
			children = (
				554958C11B19D2630006CBF5 /* libBlockLib.a */,
				554958CC1B19D2630006CBF5 /* BlockLibTests.xctest */,
			);
			name = Products;
			sourceTree = "<group>";
		};
		554958C31B19D2630006CBF5 /* BlockLib */ = {
			isa = PBXGroup;
			children = (
				554958E71B19D6D40006CBF5 /* NSTimer+BlockLib.h */,
				554958E81B19D6D40006CBF5 /* NSTimer+BlockLib.m */,
				BDF2DB601B1C2DDF00D842CD /* NSObject+BlockLib.h */,
				BDF2DB611B1C2DDF00D842CD /* NSObject+BlockLib.m */,
				BDF2DB631B1C2DF900D842CD /* UIButton+BlockLib.h */,
				BDF2DB641B1C2DF900D842CD /* UIButton+BlockLib.m */,
				BDF2DB661B1C317700D842CD /* UIControl+BlockLib.h */,
				BDF2DB671B1C317700D842CD /* UIControl+BlockLib.m */,
				BDF2DB691B1C3B6800D842CD /* UIView+BlockLib.h */,
				BDF2DB6A1B1C3B6800D842CD /* UIView+BlockLib.m */,
				BDF2DB6C1B1C3B8D00D842CD /* UIResponder+BlockLib.h */,
				BDF2DB6D1B1C3B8D00D842CD /* UIResponder+BlockLib.m */,
				BDF2DB6F1B1C3C9D00D842CD /* UIAlertView+BlockLib.h */,
				BDF2DB701B1C3C9D00D842CD /* UIAlertView+BlockLib.m */,
				BDF2DB721B1C4F5700D842CD /* UIPickerView+BlockLib.h */,
				BDF2DB731B1C4F5700D842CD /* UIPickerView+BlockLib.m */,
				BDF2DB751B1C4FD000D842CD /* UIActionSheet+BlockLib.h */,
				BDF2DB761B1C4FD000D842CD /* UIActionSheet+BlockLib.m */,
			);
			path = BlockLib;
			sourceTree = "<group>";
		};
		554958D01B19D2630006CBF5 /* BlockLibTests */ = {
			isa = PBXGroup;
			children = (
				554958D11B19D2630006CBF5 /* Supporting Files */,
			);
			path = BlockLibTests;
			sourceTree = "<group>";
		};
		554958D11B19D2630006CBF5 /* Supporting Files */ = {
			isa = PBXGroup;
			children = (
				554958D21B19D2630006CBF5 /* Info.plist */,
			);
			name = "Supporting Files";
			sourceTree = "<group>";
		};
/* End PBXGroup section */

/* Begin PBXNativeTarget section */
		554958C01B19D2630006CBF5 /* BlockLib */ = {
			isa = PBXNativeTarget;
			buildConfigurationList = 554958D51B19D2630006CBF5 /* Build configuration list for PBXNativeTarget "BlockLib" */;
			buildPhases = (
				554958BD1B19D2630006CBF5 /* Sources */,
				554958BE1B19D2630006CBF5 /* Frameworks */,
				554958BF1B19D2630006CBF5 /* CopyFiles */,
			);
			buildRules = (
			);
			dependencies = (
			);
			name = BlockLib;
			productName = BlockLib;
			productReference = 554958C11B19D2630006CBF5 /* libBlockLib.a */;
			productType = "com.apple.product-type.library.static";
		};
		554958CB1B19D2630006CBF5 /* BlockLibTests */ = {
			isa = PBXNativeTarget;
			buildConfigurationList = 554958D81B19D2630006CBF5 /* Build configuration list for PBXNativeTarget "BlockLibTests" */;
			buildPhases = (
				554958C81B19D2630006CBF5 /* Sources */,
				554958C91B19D2630006CBF5 /* Frameworks */,
				554958CA1B19D2630006CBF5 /* Resources */,
			);
			buildRules = (
			);
			dependencies = (
				554958CF1B19D2630006CBF5 /* PBXTargetDependency */,
			);
			name = BlockLibTests;
			productName = BlockLibTests;
			productReference = 554958CC1B19D2630006CBF5 /* BlockLibTests.xctest */;
			productType = "com.apple.product-type.bundle.unit-test";
		};
/* End PBXNativeTarget section */

/* Begin PBXProject section */
		554958B91B19D2630006CBF5 /* Project object */ = {
			isa = PBXProject;
			attributes = {
				LastUpgradeCheck = 0630;
				ORGANIZATIONNAME = lbencs;
				TargetAttributes = {
					554958C01B19D2630006CBF5 = {
						CreatedOnToolsVersion = 6.3.2;
					};
					554958CB1B19D2630006CBF5 = {
						CreatedOnToolsVersion = 6.3.2;
					};
				};
			};
			buildConfigurationList = 554958BC1B19D2630006CBF5 /* Build configuration list for PBXProject "BlockLib" */;
			compatibilityVersion = "Xcode 3.2";
			developmentRegion = English;
			hasScannedForEncodings = 0;
			knownRegions = (
				en,
			);
			mainGroup = 554958B81B19D2630006CBF5;
			productRefGroup = 554958C21B19D2630006CBF5 /* Products */;
			projectDirPath = "";
			projectRoot = "";
			targets = (
				554958C01B19D2630006CBF5 /* BlockLib */,
				554958CB1B19D2630006CBF5 /* BlockLibTests */,
			);
		};
/* End PBXProject section */

/* Begin PBXResourcesBuildPhase section */
		554958CA1B19D2630006CBF5 /* Resources */ = {
			isa = PBXResourcesBuildPhase;
			buildActionMask = 2147483647;
			files = (
			);
			runOnlyForDeploymentPostprocessing = 0;
		};
/* End PBXResourcesBuildPhase section */

/* Begin PBXSourcesBuildPhase section */
		554958BD1B19D2630006CBF5 /* Sources */ = {
			isa = PBXSourcesBuildPhase;
			buildActionMask = 2147483647;
			files = (
				554958E91B19D6D40006CBF5 /* NSTimer+BlockLib.m in Sources */,
				BDF2DB6B1B1C3B6800D842CD /* UIView+BlockLib.m in Sources */,
				BDF2DB711B1C3C9D00D842CD /* UIAlertView+BlockLib.m in Sources */,
				BDF2DB621B1C2DDF00D842CD /* NSObject+BlockLib.m in Sources */,
				BDF2DB651B1C2DF900D842CD /* UIButton+BlockLib.m in Sources */,
				BDF2DB6E1B1C3B8D00D842CD /* UIResponder+BlockLib.m in Sources */,
				BDF2DB771B1C4FD000D842CD /* UIActionSheet+BlockLib.m in Sources */,
				BDF2DB741B1C4F5700D842CD /* UIPickerView+BlockLib.m in Sources */,
				BDF2DB681B1C317700D842CD /* UIControl+BlockLib.m in Sources */,
			);
			runOnlyForDeploymentPostprocessing = 0;
		};
		554958C81B19D2630006CBF5 /* Sources */ = {
			isa = PBXSourcesBuildPhase;
			buildActionMask = 2147483647;
			files = (
			);
			runOnlyForDeploymentPostprocessing = 0;
		};
/* End PBXSourcesBuildPhase section */

/* Begin PBXTargetDependency section */
		554958CF1B19D2630006CBF5 /* PBXTargetDependency */ = {
			isa = PBXTargetDependency;
			target = 554958C01B19D2630006CBF5 /* BlockLib */;
			targetProxy = 554958CE1B19D2630006CBF5 /* PBXContainerItemProxy */;
		};
/* End PBXTargetDependency section */

/* Begin XCBuildConfiguration section */
		554958D31B19D2630006CBF5 /* Debug */ = {
			isa = XCBuildConfiguration;
			buildSettings = {
				ALWAYS_SEARCH_USER_PATHS = NO;
				CLANG_CXX_LANGUAGE_STANDARD = "gnu++0x";
				CLANG_CXX_LIBRARY = "libc++";
				CLANG_ENABLE_MODULES = YES;
				CLANG_ENABLE_OBJC_ARC = YES;
				CLANG_WARN_BOOL_CONVERSION = YES;
				CLANG_WARN_CONSTANT_CONVERSION = YES;
				CLANG_WARN_DIRECT_OBJC_ISA_USAGE = YES_ERROR;
				CLANG_WARN_EMPTY_BODY = YES;
				CLANG_WARN_ENUM_CONVERSION = YES;
				CLANG_WARN_INT_CONVERSION = YES;
				CLANG_WARN_OBJC_ROOT_CLASS = YES_ERROR;
				CLANG_WARN_UNREACHABLE_CODE = YES;
				CLANG_WARN__DUPLICATE_METHOD_MATCH = YES;
				COPY_PHASE_STRIP = NO;
				DEBUG_INFORMATION_FORMAT = "dwarf-with-dsym";
				ENABLE_STRICT_OBJC_MSGSEND = YES;
				GCC_C_LANGUAGE_STANDARD = gnu99;
				GCC_DYNAMIC_NO_PIC = NO;
				GCC_NO_COMMON_BLOCKS = YES;
				GCC_OPTIMIZATION_LEVEL = 0;
				GCC_PREPROCESSOR_DEFINITIONS = (
					"DEBUG=1",
					"$(inherited)",
				);
				GCC_SYMBOLS_PRIVATE_EXTERN = NO;
				GCC_WARN_64_TO_32_BIT_CONVERSION = YES;
				GCC_WARN_ABOUT_RETURN_TYPE = YES_ERROR;
				GCC_WARN_UNDECLARED_SELECTOR = YES;
				GCC_WARN_UNINITIALIZED_AUTOS = YES_AGGRESSIVE;
				GCC_WARN_UNUSED_FUNCTION = YES;
				GCC_WARN_UNUSED_VARIABLE = YES;
				IPHONEOS_DEPLOYMENT_TARGET = 8.3;
				MTL_ENABLE_DEBUG_INFO = YES;
				ONLY_ACTIVE_ARCH = YES;
				SDKROOT = iphoneos;
			};
			name = Debug;
		};
		554958D41B19D2630006CBF5 /* Release */ = {
			isa = XCBuildConfiguration;
			buildSettings = {
				ALWAYS_SEARCH_USER_PATHS = NO;
				CLANG_CXX_LANGUAGE_STANDARD = "gnu++0x";
				CLANG_CXX_LIBRARY = "libc++";
				CLANG_ENABLE_MODULES = YES;
				CLANG_ENABLE_OBJC_ARC = YES;
				CLANG_WARN_BOOL_CONVERSION = YES;
				CLANG_WARN_CONSTANT_CONVERSION = YES;
				CLANG_WARN_DIRECT_OBJC_ISA_USAGE = YES_ERROR;
				CLANG_WARN_EMPTY_BODY = YES;
				CLANG_WARN_ENUM_CONVERSION = YES;
				CLANG_WARN_INT_CONVERSION = YES;
				CLANG_WARN_OBJC_ROOT_CLASS = YES_ERROR;
				CLANG_WARN_UNREACHABLE_CODE = YES;
				CLANG_WARN__DUPLICATE_METHOD_MATCH = YES;
				COPY_PHASE_STRIP = NO;
				DEBUG_INFORMATION_FORMAT = "dwarf-with-dsym";
				ENABLE_NS_ASSERTIONS = NO;
				ENABLE_STRICT_OBJC_MSGSEND = YES;
				GCC_C_LANGUAGE_STANDARD = gnu99;
				GCC_NO_COMMON_BLOCKS = YES;
				GCC_WARN_64_TO_32_BIT_CONVERSION = YES;
				GCC_WARN_ABOUT_RETURN_TYPE = YES_ERROR;
				GCC_WARN_UNDECLARED_SELECTOR = YES;
				GCC_WARN_UNINITIALIZED_AUTOS = YES_AGGRESSIVE;
				GCC_WARN_UNUSED_FUNCTION = YES;
				GCC_WARN_UNUSED_VARIABLE = YES;
				IPHONEOS_DEPLOYMENT_TARGET = 8.3;
				MTL_ENABLE_DEBUG_INFO = NO;
				SDKROOT = iphoneos;
				VALIDATE_PRODUCT = YES;
			};
			name = Release;
		};
		554958D61B19D2630006CBF5 /* Debug */ = {
			isa = XCBuildConfiguration;
			buildSettings = {
				HEADER_SEARCH_PATHS = (
					"$(inherited)",
					/Applications/Xcode.app/Contents/Developer/Toolchains/XcodeDefault.xctoolchain/usr/include,
					$SOURCE_ROOT/,
				);
				OTHER_LDFLAGS = "-ObjC";
				PRODUCT_NAME = "$(TARGET_NAME)";
				SKIP_INSTALL = YES;
			};
			name = Debug;
		};
		554958D71B19D2630006CBF5 /* Release */ = {
			isa = XCBuildConfiguration;
			buildSettings = {
				HEADER_SEARCH_PATHS = (
					"$(inherited)",
					/Applications/Xcode.app/Contents/Developer/Toolchains/XcodeDefault.xctoolchain/usr/include,
					$SOURCE_ROOT/,
				);
				OTHER_LDFLAGS = "-ObjC";
				PRODUCT_NAME = "$(TARGET_NAME)";
				SKIP_INSTALL = YES;
			};
			name = Release;
		};
		554958D91B19D2630006CBF5 /* Debug */ = {
			isa = XCBuildConfiguration;
			buildSettings = {
				"CODE_SIGN_IDENTITY[sdk=iphoneos*]" = "iPhone Developer";
				FRAMEWORK_SEARCH_PATHS = (
					"$(SDKROOT)/Developer/Library/Frameworks",
					"$(inherited)",
				);
				GCC_PREPROCESSOR_DEFINITIONS = (
					"DEBUG=1",
					"$(inherited)",
				);
				INFOPLIST_FILE = BlockLibTests/Info.plist;
				LD_RUNPATH_SEARCH_PATHS = "$(inherited) @executable_path/Frameworks @loader_path/Frameworks";
				PRODUCT_NAME = "$(TARGET_NAME)";
			};
			name = Debug;
		};
		554958DA1B19D2630006CBF5 /* Release */ = {
			isa = XCBuildConfiguration;
			buildSettings = {
				"CODE_SIGN_IDENTITY[sdk=iphoneos*]" = "iPhone Developer";
				FRAMEWORK_SEARCH_PATHS = (
					"$(SDKROOT)/Developer/Library/Frameworks",
					"$(inherited)",
				);
				INFOPLIST_FILE = BlockLibTests/Info.plist;
				LD_RUNPATH_SEARCH_PATHS = "$(inherited) @executable_path/Frameworks @loader_path/Frameworks";
				PRODUCT_NAME = "$(TARGET_NAME)";
			};
			name = Release;
		};
/* End XCBuildConfiguration section */

/* Begin XCConfigurationList section */
		554958BC1B19D2630006CBF5 /* Build configuration list for PBXProject "BlockLib" */ = {
			isa = XCConfigurationList;
			buildConfigurations = (
				554958D31B19D2630006CBF5 /* Debug */,
				554958D41B19D2630006CBF5 /* Release */,
			);
			defaultConfigurationIsVisible = 0;
			defaultConfigurationName = Release;
		};
		554958D51B19D2630006CBF5 /* Build configuration list for PBXNativeTarget "BlockLib" */ = {
			isa = XCConfigurationList;
			buildConfigurations = (
				554958D61B19D2630006CBF5 /* Debug */,
				554958D71B19D2630006CBF5 /* Release */,
			);
			defaultConfigurationIsVisible = 0;
			defaultConfigurationName = Release;
		};
		554958D81B19D2630006CBF5 /* Build configuration list for PBXNativeTarget "BlockLibTests" */ = {
			isa = XCConfigurationList;
			buildConfigurations = (
				554958D91B19D2630006CBF5 /* Debug */,
				554958DA1B19D2630006CBF5 /* Release */,
			);
			defaultConfigurationIsVisible = 0;
			defaultConfigurationName = Release;
		};
/* End XCConfigurationList section */
	};
	rootObject = 554958B91B19D2630006CBF5 /* Project object */;
}
