// !$*UTF8*$!
{
	archiveVersion = 1;
	classes = {
	};
	objectVersion = 46;
	objects = {

/* Begin PBXBuildFile section */
		55DD81951A77DBFF009B44A2 /* main.m in Sources */ = {isa = PBXBuildFile; fileRef = 55DD81941A77DBFF009B44A2 /* main.m */; };
		55DD81981A77DBFF009B44A2 /* AppDelegate.m in Sources */ = {isa = PBXBuildFile; fileRef = 55DD81971A77DBFF009B44A2 /* AppDelegate.m */; };
		55DD819B1A77DBFF009B44A2 /* FirstViewController.m in Sources */ = {isa = PBXBuildFile; fileRef = 55DD819A1A77DBFF009B44A2 /* FirstViewController.m */; };
		55DD819E1A77DBFF009B44A2 /* SecondViewController.m in Sources */ = {isa = PBXBuildFile; fileRef = 55DD819D1A77DBFF009B44A2 /* SecondViewController.m */; };
		55DD81A11A77DBFF009B44A2 /* Main.storyboard in Resources */ = {isa = PBXBuildFile; fileRef = 55DD819F1A77DBFF009B44A2 /* Main.storyboard */; };
		55DD81A31A77DBFF009B44A2 /* Images.xcassets in Resources */ = {isa = PBXBuildFile; fileRef = 55DD81A21A77DBFF009B44A2 /* Images.xcassets */; };
		55DD81A61A77DBFF009B44A2 /* LaunchScreen.xib in Resources */ = {isa = PBXBuildFile; fileRef = 55DD81A41A77DBFF009B44A2 /* LaunchScreen.xib */; };
		55DD81B21A77DBFF009B44A2 /* CoreTextDomeTests.m in Sources */ = {isa = PBXBuildFile; fileRef = 55DD81B11A77DBFF009B44A2 /* CoreTextDomeTests.m */; };
		55DD81BC1A77DC29009B44A2 /* CoreText.framework in Frameworks */ = {isa = PBXBuildFile; fileRef = 55DD81BB1A77DC29009B44A2 /* CoreText.framework */; };
		55DD81C21A77DC89009B44A2 /* TUTCustomView.m in Sources */ = {isa = PBXBuildFile; fileRef = 55DD81C11A77DC89009B44A2 /* TUTCustomView.m */; };
/* End PBXBuildFile section */

/* Begin PBXContainerItemProxy section */
		55DD81AC1A77DBFF009B44A2 /* PBXContainerItemProxy */ = {
			isa = PBXContainerItemProxy;
			containerPortal = 55DD81871A77DBFF009B44A2 /* Project object */;
			proxyType = 1;
			remoteGlobalIDString = 55DD818E1A77DBFF009B44A2;
			remoteInfo = CoreTextDome;
		};
/* End PBXContainerItemProxy section */

/* Begin PBXFileReference section */
		55DD818F1A77DBFF009B44A2 /* CoreTextDome.app */ = {isa = PBXFileReference; explicitFileType = wrapper.application; includeInIndex = 0; path = CoreTextDome.app; sourceTree = BUILT_PRODUCTS_DIR; };
		55DD81931A77DBFF009B44A2 /* Info.plist */ = {isa = PBXFileReference; lastKnownFileType = text.plist.xml; path = Info.plist; sourceTree = "<group>"; };
		55DD81941A77DBFF009B44A2 /* main.m */ = {isa = PBXFileReference; lastKnownFileType = sourcecode.c.objc; path = main.m; sourceTree = "<group>"; };
		55DD81961A77DBFF009B44A2 /* AppDelegate.h */ = {isa = PBXFileReference; lastKnownFileType = sourcecode.c.h; path = AppDelegate.h; sourceTree = "<group>"; };
		55DD81971A77DBFF009B44A2 /* AppDelegate.m */ = {isa = PBXFileReference; lastKnownFileType = sourcecode.c.objc; path = AppDelegate.m; sourceTree = "<group>"; };
		55DD81991A77DBFF009B44A2 /* FirstViewController.h */ = {isa = PBXFileReference; lastKnownFileType = sourcecode.c.h; path = FirstViewController.h; sourceTree = "<group>"; };
		55DD819A1A77DBFF009B44A2 /* FirstViewController.m */ = {isa = PBXFileReference; lastKnownFileType = sourcecode.c.objc; path = FirstViewController.m; sourceTree = "<group>"; };
		55DD819C1A77DBFF009B44A2 /* SecondViewController.h */ = {isa = PBXFileReference; lastKnownFileType = sourcecode.c.h; path = SecondViewController.h; sourceTree = "<group>"; };
		55DD819D1A77DBFF009B44A2 /* SecondViewController.m */ = {isa = PBXFileReference; lastKnownFileType = sourcecode.c.objc; path = SecondViewController.m; sourceTree = "<group>"; };
		55DD81A01A77DBFF009B44A2 /* Base */ = {isa = PBXFileReference; lastKnownFileType = file.storyboard; name = Base; path = Base.lproj/Main.storyboard; sourceTree = "<group>"; };
		55DD81A21A77DBFF009B44A2 /* Images.xcassets */ = {isa = PBXFileReference; lastKnownFileType = folder.assetcatalog; path = Images.xcassets; sourceTree = "<group>"; };
		55DD81A51A77DBFF009B44A2 /* Base */ = {isa = PBXFileReference; lastKnownFileType = file.xib; name = Base; path = Base.lproj/LaunchScreen.xib; sourceTree = "<group>"; };
		55DD81AB1A77DBFF009B44A2 /* CoreTextDomeTests.xctest */ = {isa = PBXFileReference; explicitFileType = wrapper.cfbundle; includeInIndex = 0; path = CoreTextDomeTests.xctest; sourceTree = BUILT_PRODUCTS_DIR; };
		55DD81B01A77DBFF009B44A2 /* Info.plist */ = {isa = PBXFileReference; lastKnownFileType = text.plist.xml; path = Info.plist; sourceTree = "<group>"; };
		55DD81B11A77DBFF009B44A2 /* CoreTextDomeTests.m */ = {isa = PBXFileReference; lastKnownFileType = sourcecode.c.objc; path = CoreTextDomeTests.m; sourceTree = "<group>"; };
		55DD81BB1A77DC29009B44A2 /* CoreText.framework */ = {isa = PBXFileReference; lastKnownFileType = wrapper.framework; name = CoreText.framework; path = System/Library/Frameworks/CoreText.framework; sourceTree = SDKROOT; };
		55DD81C01A77DC89009B44A2 /* TUTCustomView.h */ = {isa = PBXFileReference; fileEncoding = 4; lastKnownFileType = sourcecode.c.h; path = TUTCustomView.h; sourceTree = "<group>"; };
		55DD81C11A77DC89009B44A2 /* TUTCustomView.m */ = {isa = PBXFileReference; fileEncoding = 4; lastKnownFileType = sourcecode.c.objc; path = TUTCustomView.m; sourceTree = "<group>"; };
/* End PBXFileReference section */

/* Begin PBXFrameworksBuildPhase section */
		55DD818C1A77DBFF009B44A2 /* Frameworks */ = {
			isa = PBXFrameworksBuildPhase;
			buildActionMask = 2147483647;
			files = (
				55DD81BC1A77DC29009B44A2 /* CoreText.framework in Frameworks */,
			);
			runOnlyForDeploymentPostprocessing = 0;
		};
		55DD81A81A77DBFF009B44A2 /* Frameworks */ = {
			isa = PBXFrameworksBuildPhase;
			buildActionMask = 2147483647;
			files = (
			);
			runOnlyForDeploymentPostprocessing = 0;
		};
/* End PBXFrameworksBuildPhase section */

/* Begin PBXGroup section */
		55DD81861A77DBFF009B44A2 = {
			isa = PBXGroup;
			children = (
				55DD81BB1A77DC29009B44A2 /* CoreText.framework */,
				55DD81911A77DBFF009B44A2 /* CoreTextDome */,
				55DD81AE1A77DBFF009B44A2 /* CoreTextDomeTests */,
				55DD81901A77DBFF009B44A2 /* Products */,
			);
			sourceTree = "<group>";
		};
		55DD81901A77DBFF009B44A2 /* Products */ = {
			isa = PBXGroup;
			children = (
				55DD818F1A77DBFF009B44A2 /* CoreTextDome.app */,
				55DD81AB1A77DBFF009B44A2 /* CoreTextDomeTests.xctest */,
			);
			name = Products;
			sourceTree = "<group>";
		};
		55DD81911A77DBFF009B44A2 /* CoreTextDome */ = {
			isa = PBXGroup;
			children = (
				55DD81961A77DBFF009B44A2 /* AppDelegate.h */,
				55DD81971A77DBFF009B44A2 /* AppDelegate.m */,
				55DD81991A77DBFF009B44A2 /* FirstViewController.h */,
				55DD819A1A77DBFF009B44A2 /* FirstViewController.m */,
				55DD819C1A77DBFF009B44A2 /* SecondViewController.h */,
				55DD819D1A77DBFF009B44A2 /* SecondViewController.m */,
				55DD819F1A77DBFF009B44A2 /* Main.storyboard */,
				55DD81A21A77DBFF009B44A2 /* Images.xcassets */,
				55DD81A41A77DBFF009B44A2 /* LaunchScreen.xib */,
				55DD81921A77DBFF009B44A2 /* Supporting Files */,
				55DD81C01A77DC89009B44A2 /* TUTCustomView.h */,
				55DD81C11A77DC89009B44A2 /* TUTCustomView.m */,
			);
			path = CoreTextDome;
			sourceTree = "<group>";
		};
		55DD81921A77DBFF009B44A2 /* Supporting Files */ = {
			isa = PBXGroup;
			children = (
				55DD81931A77DBFF009B44A2 /* Info.plist */,
				55DD81941A77DBFF009B44A2 /* main.m */,
			);
			name = "Supporting Files";
			sourceTree = "<group>";
		};
		55DD81AE1A77DBFF009B44A2 /* CoreTextDomeTests */ = {
			isa = PBXGroup;
			children = (
				55DD81B11A77DBFF009B44A2 /* CoreTextDomeTests.m */,
				55DD81AF1A77DBFF009B44A2 /* Supporting Files */,
			);
			path = CoreTextDomeTests;
			sourceTree = "<group>";
		};
		55DD81AF1A77DBFF009B44A2 /* Supporting Files */ = {
			isa = PBXGroup;
			children = (
				55DD81B01A77DBFF009B44A2 /* Info.plist */,
			);
			name = "Supporting Files";
			sourceTree = "<group>";
		};
/* End PBXGroup section */

/* Begin PBXNativeTarget section */
		55DD818E1A77DBFF009B44A2 /* CoreTextDome */ = {
			isa = PBXNativeTarget;
			buildConfigurationList = 55DD81B51A77DBFF009B44A2 /* Build configuration list for PBXNativeTarget "CoreTextDome" */;
			buildPhases = (
				55DD818B1A77DBFF009B44A2 /* Sources */,
				55DD818C1A77DBFF009B44A2 /* Frameworks */,
				55DD818D1A77DBFF009B44A2 /* Resources */,
			);
			buildRules = (
			);
			dependencies = (
			);
			name = CoreTextDome;
			productName = CoreTextDome;
			productReference = 55DD818F1A77DBFF009B44A2 /* CoreTextDome.app */;
			productType = "com.apple.product-type.application";
		};
		55DD81AA1A77DBFF009B44A2 /* CoreTextDomeTests */ = {
			isa = PBXNativeTarget;
			buildConfigurationList = 55DD81B81A77DBFF009B44A2 /* Build configuration list for PBXNativeTarget "CoreTextDomeTests" */;
			buildPhases = (
				55DD81A71A77DBFF009B44A2 /* Sources */,
				55DD81A81A77DBFF009B44A2 /* Frameworks */,
				55DD81A91A77DBFF009B44A2 /* Resources */,
			);
			buildRules = (
			);
			dependencies = (
				55DD81AD1A77DBFF009B44A2 /* PBXTargetDependency */,
			);
			name = CoreTextDomeTests;
			productName = CoreTextDomeTests;
			productReference = 55DD81AB1A77DBFF009B44A2 /* CoreTextDomeTests.xctest */;
			productType = "com.apple.product-type.bundle.unit-test";
		};
/* End PBXNativeTarget section */

/* Begin PBXProject section */
		55DD81871A77DBFF009B44A2 /* Project object */ = {
			isa = PBXProject;
			attributes = {
				LastUpgradeCheck = 0610;
				ORGANIZATIONNAME = lbencs;
				TargetAttributes = {
					55DD818E1A77DBFF009B44A2 = {
						CreatedOnToolsVersion = 6.1.1;
					};
					55DD81AA1A77DBFF009B44A2 = {
						CreatedOnToolsVersion = 6.1.1;
						TestTargetID = 55DD818E1A77DBFF009B44A2;
					};
				};
			};
			buildConfigurationList = 55DD818A1A77DBFF009B44A2 /* Build configuration list for PBXProject "CoreTextDome" */;
			compatibilityVersion = "Xcode 3.2";
			developmentRegion = English;
			hasScannedForEncodings = 0;
			knownRegions = (
				en,
				Base,
			);
			mainGroup = 55DD81861A77DBFF009B44A2;
			productRefGroup = 55DD81901A77DBFF009B44A2 /* Products */;
			projectDirPath = "";
			projectRoot = "";
			targets = (
				55DD818E1A77DBFF009B44A2 /* CoreTextDome */,
				55DD81AA1A77DBFF009B44A2 /* CoreTextDomeTests */,
			);
		};
/* End PBXProject section */

/* Begin PBXResourcesBuildPhase section */
		55DD818D1A77DBFF009B44A2 /* Resources */ = {
			isa = PBXResourcesBuildPhase;
			buildActionMask = 2147483647;
			files = (
				55DD81A11A77DBFF009B44A2 /* Main.storyboard in Resources */,
				55DD81A61A77DBFF009B44A2 /* LaunchScreen.xib in Resources */,
				55DD81A31A77DBFF009B44A2 /* Images.xcassets in Resources */,
			);
			runOnlyForDeploymentPostprocessing = 0;
		};
		55DD81A91A77DBFF009B44A2 /* Resources */ = {
			isa = PBXResourcesBuildPhase;
			buildActionMask = 2147483647;
			files = (
			);
			runOnlyForDeploymentPostprocessing = 0;
		};
/* End PBXResourcesBuildPhase section */

/* Begin PBXSourcesBuildPhase section */
		55DD818B1A77DBFF009B44A2 /* Sources */ = {
			isa = PBXSourcesBuildPhase;
			buildActionMask = 2147483647;
			files = (
				55DD819E1A77DBFF009B44A2 /* SecondViewController.m in Sources */,
				55DD81981A77DBFF009B44A2 /* AppDelegate.m in Sources */,
				55DD819B1A77DBFF009B44A2 /* FirstViewController.m in Sources */,
				55DD81C21A77DC89009B44A2 /* TUTCustomView.m in Sources */,
				55DD81951A77DBFF009B44A2 /* main.m in Sources */,
			);
			runOnlyForDeploymentPostprocessing = 0;
		};
		55DD81A71A77DBFF009B44A2 /* Sources */ = {
			isa = PBXSourcesBuildPhase;
			buildActionMask = 2147483647;
			files = (
				55DD81B21A77DBFF009B44A2 /* CoreTextDomeTests.m in Sources */,
			);
			runOnlyForDeploymentPostprocessing = 0;
		};
/* End PBXSourcesBuildPhase section */

/* Begin PBXTargetDependency section */
		55DD81AD1A77DBFF009B44A2 /* PBXTargetDependency */ = {
			isa = PBXTargetDependency;
			target = 55DD818E1A77DBFF009B44A2 /* CoreTextDome */;
			targetProxy = 55DD81AC1A77DBFF009B44A2 /* PBXContainerItemProxy */;
		};
/* End PBXTargetDependency section */

/* Begin PBXVariantGroup section */
		55DD819F1A77DBFF009B44A2 /* Main.storyboard */ = {
			isa = PBXVariantGroup;
			children = (
				55DD81A01A77DBFF009B44A2 /* Base */,
			);
			name = Main.storyboard;
			sourceTree = "<group>";
		};
		55DD81A41A77DBFF009B44A2 /* LaunchScreen.xib */ = {
			isa = PBXVariantGroup;
			children = (
				55DD81A51A77DBFF009B44A2 /* Base */,
			);
			name = LaunchScreen.xib;
			sourceTree = "<group>";
		};
/* End PBXVariantGroup section */

/* Begin XCBuildConfiguration section */
		55DD81B31A77DBFF009B44A2 /* Debug */ = {
			isa = XCBuildConfiguration;
			buildSettings = {
				ALWAYS_SEARCH_USER_PATHS = NO;
				CLANG_CXX_LANGUAGE_STANDARD = "gnu++0x";
				CLANG_CXX_LIBRARY = "libc++";
				CLANG_ENABLE_MODULES = YES;
				CLANG_ENABLE_OBJC_ARC = YES;
				CLANG_WARN_BOOL_CONVERSION = YES;
				CLANG_WARN_CONSTANT_CONVERSION = YES;
				CLANG_WARN_DIRECT_OBJC_ISA_USAGE = YES_ERROR;
				CLANG_WARN_EMPTY_BODY = YES;
				CLANG_WARN_ENUM_CONVERSION = YES;
				CLANG_WARN_INT_CONVERSION = YES;
				CLANG_WARN_OBJC_ROOT_CLASS = YES_ERROR;
				CLANG_WARN_UNREACHABLE_CODE = YES;
				CLANG_WARN__DUPLICATE_METHOD_MATCH = YES;
				"CODE_SIGN_IDENTITY[sdk=iphoneos*]" = "iPhone Developer";
				COPY_PHASE_STRIP = NO;
				ENABLE_STRICT_OBJC_MSGSEND = YES;
				GCC_C_LANGUAGE_STANDARD = gnu99;
				GCC_DYNAMIC_NO_PIC = NO;
				GCC_OPTIMIZATION_LEVEL = 0;
				GCC_PREPROCESSOR_DEFINITIONS = (
					"DEBUG=1",
					"$(inherited)",
				);
				GCC_SYMBOLS_PRIVATE_EXTERN = NO;
				GCC_WARN_64_TO_32_BIT_CONVERSION = YES;
				GCC_WARN_ABOUT_RETURN_TYPE = YES_ERROR;
				GCC_WARN_UNDECLARED_SELECTOR = YES;
				GCC_WARN_UNINITIALIZED_AUTOS = YES_AGGRESSIVE;
				GCC_WARN_UNUSED_FUNCTION = YES;
				GCC_WARN_UNUSED_VARIABLE = YES;
				IPHONEOS_DEPLOYMENT_TARGET = 8.1;
				MTL_ENABLE_DEBUG_INFO = YES;
				ONLY_ACTIVE_ARCH = YES;
				SDKROOT = iphoneos;
				TARGETED_DEVICE_FAMILY = "1,2";
			};
			name = Debug;
		};
		55DD81B41A77DBFF009B44A2 /* Release */ = {
			isa = XCBuildConfiguration;
			buildSettings = {
				ALWAYS_SEARCH_USER_PATHS = NO;
				CLANG_CXX_LANGUAGE_STANDARD = "gnu++0x";
				CLANG_CXX_LIBRARY = "libc++";
				CLANG_ENABLE_MODULES = YES;
				CLANG_ENABLE_OBJC_ARC = YES;
				CLANG_WARN_BOOL_CONVERSION = YES;
				CLANG_WARN_CONSTANT_CONVERSION = YES;
				CLANG_WARN_DIRECT_OBJC_ISA_USAGE = YES_ERROR;
				CLANG_WARN_EMPTY_BODY = YES;
				CLANG_WARN_ENUM_CONVERSION = YES;
				CLANG_WARN_INT_CONVERSION = YES;
				CLANG_WARN_OBJC_ROOT_CLASS = YES_ERROR;
				CLANG_WARN_UNREACHABLE_CODE = YES;
				CLANG_WARN__DUPLICATE_METHOD_MATCH = YES;
				"CODE_SIGN_IDENTITY[sdk=iphoneos*]" = "iPhone Developer";
				COPY_PHASE_STRIP = YES;
				ENABLE_NS_ASSERTIONS = NO;
				ENABLE_STRICT_OBJC_MSGSEND = YES;
				GCC_C_LANGUAGE_STANDARD = gnu99;
				GCC_WARN_64_TO_32_BIT_CONVERSION = YES;
				GCC_WARN_ABOUT_RETURN_TYPE = YES_ERROR;
				GCC_WARN_UNDECLARED_SELECTOR = YES;
				GCC_WARN_UNINITIALIZED_AUTOS = YES_AGGRESSIVE;
				GCC_WARN_UNUSED_FUNCTION = YES;
				GCC_WARN_UNUSED_VARIABLE = YES;
				IPHONEOS_DEPLOYMENT_TARGET = 8.1;
				MTL_ENABLE_DEBUG_INFO = NO;
				SDKROOT = iphoneos;
				TARGETED_DEVICE_FAMILY = "1,2";
				VALIDATE_PRODUCT = YES;
			};
			name = Release;
		};
		55DD81B61A77DBFF009B44A2 /* Debug */ = {
			isa = XCBuildConfiguration;
			buildSettings = {
				ASSETCATALOG_COMPILER_APPICON_NAME = AppIcon;
				INFOPLIST_FILE = CoreTextDome/Info.plist;
				LD_RUNPATH_SEARCH_PATHS = "$(inherited) @executable_path/Frameworks";
				PRODUCT_NAME = "$(TARGET_NAME)";
			};
			name = Debug;
		};
		55DD81B71A77DBFF009B44A2 /* Release */ = {
			isa = XCBuildConfiguration;
			buildSettings = {
				ASSETCATALOG_COMPILER_APPICON_NAME = AppIcon;
				INFOPLIST_FILE = CoreTextDome/Info.plist;
				LD_RUNPATH_SEARCH_PATHS = "$(inherited) @executable_path/Frameworks";
				PRODUCT_NAME = "$(TARGET_NAME)";
			};
			name = Release;
		};
		55DD81B91A77DBFF009B44A2 /* Debug */ = {
			isa = XCBuildConfiguration;
			buildSettings = {
				BUNDLE_LOADER = "$(TEST_HOST)";
				FRAMEWORK_SEARCH_PATHS = (
					"$(SDKROOT)/Developer/Library/Frameworks",
					"$(inherited)",
				);
				GCC_PREPROCESSOR_DEFINITIONS = (
					"DEBUG=1",
					"$(inherited)",
				);
				INFOPLIST_FILE = CoreTextDomeTests/Info.plist;
				LD_RUNPATH_SEARCH_PATHS = "$(inherited) @executable_path/Frameworks @loader_path/Frameworks";
				PRODUCT_NAME = "$(TARGET_NAME)";
				TEST_HOST = "$(BUILT_PRODUCTS_DIR)/CoreTextDome.app/CoreTextDome";
			};
			name = Debug;
		};
		55DD81BA1A77DBFF009B44A2 /* Release */ = {
			isa = XCBuildConfiguration;
			buildSettings = {
				BUNDLE_LOADER = "$(TEST_HOST)";
				FRAMEWORK_SEARCH_PATHS = (
					"$(SDKROOT)/Developer/Library/Frameworks",
					"$(inherited)",
				);
				INFOPLIST_FILE = CoreTextDomeTests/Info.plist;
				LD_RUNPATH_SEARCH_PATHS = "$(inherited) @executable_path/Frameworks @loader_path/Frameworks";
				PRODUCT_NAME = "$(TARGET_NAME)";
				TEST_HOST = "$(BUILT_PRODUCTS_DIR)/CoreTextDome.app/CoreTextDome";
			};
			name = Release;
		};
/* End XCBuildConfiguration section */

/* Begin XCConfigurationList section */
		55DD818A1A77DBFF009B44A2 /* Build configuration list for PBXProject "CoreTextDome" */ = {
			isa = XCConfigurationList;
			buildConfigurations = (
				55DD81B31A77DBFF009B44A2 /* Debug */,
				55DD81B41A77DBFF009B44A2 /* Release */,
			);
			defaultConfigurationIsVisible = 0;
			defaultConfigurationName = Release;
		};
		55DD81B51A77DBFF009B44A2 /* Build configuration list for PBXNativeTarget "CoreTextDome" */ = {
			isa = XCConfigurationList;
			buildConfigurations = (
				55DD81B61A77DBFF009B44A2 /* Debug */,
				55DD81B71A77DBFF009B44A2 /* Release */,
			);
			defaultConfigurationIsVisible = 0;
		};
		55DD81B81A77DBFF009B44A2 /* Build configuration list for PBXNativeTarget "CoreTextDomeTests" */ = {
			isa = XCConfigurationList;
			buildConfigurations = (
				55DD81B91A77DBFF009B44A2 /* Debug */,
				55DD81BA1A77DBFF009B44A2 /* Release */,
			);
			defaultConfigurationIsVisible = 0;
		};
/* End XCConfigurationList section */
	};
	rootObject = 55DD81871A77DBFF009B44A2 /* Project object */;
}
