// !$*UTF8*$!
{
	archiveVersion = 1;
	classes = {
	};
	objectVersion = 46;
	objects = {

/* Begin PBXBuildFile section */
		BD156B9D1B5C86AF00F73FA3 /* main.m in Sources */ = {isa = PBXBuildFile; fileRef = BD156B9C1B5C86AF00F73FA3 /* main.m */; };
		BD156BA01B5C86AF00F73FA3 /* AppDelegate.m in Sources */ = {isa = PBXBuildFile; fileRef = BD156B9F1B5C86AF00F73FA3 /* AppDelegate.m */; };
		BD156BA31B5C86B000F73FA3 /* ViewController.m in Sources */ = {isa = PBXBuildFile; fileRef = BD156BA21B5C86B000F73FA3 /* ViewController.m */; };
		BD156BA61B5C86B000F73FA3 /* Main.storyboard in Resources */ = {isa = PBXBuildFile; fileRef = BD156BA41B5C86B000F73FA3 /* Main.storyboard */; };
		BD156BA81B5C86B000F73FA3 /* Assets.xcassets in Resources */ = {isa = PBXBuildFile; fileRef = BD156BA71B5C86B000F73FA3 /* Assets.xcassets */; };
		BD156BAB1B5C86B100F73FA3 /* LaunchScreen.storyboard in Resources */ = {isa = PBXBuildFile; fileRef = BD156BA91B5C86B100F73FA3 /* LaunchScreen.storyboard */; };
		BD156BB61B5C86B100F73FA3 /* ViewWillApperanceTests.m in Sources */ = {isa = PBXBuildFile; fileRef = BD156BB51B5C86B100F73FA3 /* ViewWillApperanceTests.m */; };
		BD156BC11B5C86B200F73FA3 /* ViewWillApperanceUITests.m in Sources */ = {isa = PBXBuildFile; fileRef = BD156BC01B5C86B200F73FA3 /* ViewWillApperanceUITests.m */; };
		BD156BCF1B5C86ED00F73FA3 /* View.xib in Resources */ = {isa = PBXBuildFile; fileRef = BD156BCE1B5C86ED00F73FA3 /* View.xib */; };
		BD156BD31B5C87CA00F73FA3 /* MainViewController.m in Sources */ = {isa = PBXBuildFile; fileRef = BD156BD11B5C87CA00F73FA3 /* MainViewController.m */; };
		BD156BD41B5C87CA00F73FA3 /* MainViewController.xib in Resources */ = {isa = PBXBuildFile; fileRef = BD156BD21B5C87CA00F73FA3 /* MainViewController.xib */; };
		BD156BD81B5C87DE00F73FA3 /* ContainerViewController.m in Sources */ = {isa = PBXBuildFile; fileRef = BD156BD61B5C87DE00F73FA3 /* ContainerViewController.m */; };
		BD156BD91B5C87DE00F73FA3 /* ContainerViewController.xib in Resources */ = {isa = PBXBuildFile; fileRef = BD156BD71B5C87DE00F73FA3 /* ContainerViewController.xib */; };
/* End PBXBuildFile section */

/* Begin PBXContainerItemProxy section */
		BD156BB21B5C86B100F73FA3 /* PBXContainerItemProxy */ = {
			isa = PBXContainerItemProxy;
			containerPortal = BD156B901B5C86AD00F73FA3 /* Project object */;
			proxyType = 1;
			remoteGlobalIDString = BD156B971B5C86AE00F73FA3;
			remoteInfo = ViewWillApperance;
		};
		BD156BBD1B5C86B200F73FA3 /* PBXContainerItemProxy */ = {
			isa = PBXContainerItemProxy;
			containerPortal = BD156B901B5C86AD00F73FA3 /* Project object */;
			proxyType = 1;
			remoteGlobalIDString = BD156B971B5C86AE00F73FA3;
			remoteInfo = ViewWillApperance;
		};
/* End PBXContainerItemProxy section */

/* Begin PBXFileReference section */
		BD156B981B5C86AE00F73FA3 /* ViewWillApperance.app */ = {isa = PBXFileReference; explicitFileType = wrapper.application; includeInIndex = 0; path = ViewWillApperance.app; sourceTree = BUILT_PRODUCTS_DIR; };
		BD156B9C1B5C86AF00F73FA3 /* main.m */ = {isa = PBXFileReference; lastKnownFileType = sourcecode.c.objc; path = main.m; sourceTree = "<group>"; };
		BD156B9E1B5C86AF00F73FA3 /* AppDelegate.h */ = {isa = PBXFileReference; lastKnownFileType = sourcecode.c.h; path = AppDelegate.h; sourceTree = "<group>"; };
		BD156B9F1B5C86AF00F73FA3 /* AppDelegate.m */ = {isa = PBXFileReference; lastKnownFileType = sourcecode.c.objc; path = AppDelegate.m; sourceTree = "<group>"; };
		BD156BA11B5C86B000F73FA3 /* ViewController.h */ = {isa = PBXFileReference; lastKnownFileType = sourcecode.c.h; path = ViewController.h; sourceTree = "<group>"; };
		BD156BA21B5C86B000F73FA3 /* ViewController.m */ = {isa = PBXFileReference; lastKnownFileType = sourcecode.c.objc; path = ViewController.m; sourceTree = "<group>"; };
		BD156BA51B5C86B000F73FA3 /* Base */ = {isa = PBXFileReference; lastKnownFileType = file.storyboard; name = Base; path = Base.lproj/Main.storyboard; sourceTree = "<group>"; };
		BD156BA71B5C86B000F73FA3 /* Assets.xcassets */ = {isa = PBXFileReference; lastKnownFileType = folder.assetcatalog; path = Assets.xcassets; sourceTree = "<group>"; };
		BD156BAA1B5C86B100F73FA3 /* Base */ = {isa = PBXFileReference; lastKnownFileType = file.storyboard; name = Base; path = Base.lproj/LaunchScreen.storyboard; sourceTree = "<group>"; };
		BD156BAC1B5C86B100F73FA3 /* Info.plist */ = {isa = PBXFileReference; lastKnownFileType = text.plist.xml; path = Info.plist; sourceTree = "<group>"; };
		BD156BB11B5C86B100F73FA3 /* ViewWillApperanceTests.xctest */ = {isa = PBXFileReference; explicitFileType = wrapper.cfbundle; includeInIndex = 0; path = ViewWillApperanceTests.xctest; sourceTree = BUILT_PRODUCTS_DIR; };
		BD156BB51B5C86B100F73FA3 /* ViewWillApperanceTests.m */ = {isa = PBXFileReference; lastKnownFileType = sourcecode.c.objc; path = ViewWillApperanceTests.m; sourceTree = "<group>"; };
		BD156BB71B5C86B100F73FA3 /* Info.plist */ = {isa = PBXFileReference; lastKnownFileType = text.plist.xml; path = Info.plist; sourceTree = "<group>"; };
		BD156BBC1B5C86B200F73FA3 /* ViewWillApperanceUITests.xctest */ = {isa = PBXFileReference; explicitFileType = wrapper.cfbundle; includeInIndex = 0; path = ViewWillApperanceUITests.xctest; sourceTree = BUILT_PRODUCTS_DIR; };
		BD156BC01B5C86B200F73FA3 /* ViewWillApperanceUITests.m */ = {isa = PBXFileReference; lastKnownFileType = sourcecode.c.objc; path = ViewWillApperanceUITests.m; sourceTree = "<group>"; };
		BD156BC21B5C86B300F73FA3 /* Info.plist */ = {isa = PBXFileReference; lastKnownFileType = text.plist.xml; path = Info.plist; sourceTree = "<group>"; };
		BD156BCE1B5C86ED00F73FA3 /* View.xib */ = {isa = PBXFileReference; fileEncoding = 4; lastKnownFileType = file.xib; path = View.xib; sourceTree = "<group>"; };
		BD156BD01B5C87CA00F73FA3 /* MainViewController.h */ = {isa = PBXFileReference; fileEncoding = 4; lastKnownFileType = sourcecode.c.h; path = MainViewController.h; sourceTree = "<group>"; };
		BD156BD11B5C87CA00F73FA3 /* MainViewController.m */ = {isa = PBXFileReference; fileEncoding = 4; lastKnownFileType = sourcecode.c.objc; path = MainViewController.m; sourceTree = "<group>"; };
		BD156BD21B5C87CA00F73FA3 /* MainViewController.xib */ = {isa = PBXFileReference; fileEncoding = 4; lastKnownFileType = file.xib; path = MainViewController.xib; sourceTree = "<group>"; };
		BD156BD51B5C87DE00F73FA3 /* ContainerViewController.h */ = {isa = PBXFileReference; fileEncoding = 4; lastKnownFileType = sourcecode.c.h; path = ContainerViewController.h; sourceTree = "<group>"; };
		BD156BD61B5C87DE00F73FA3 /* ContainerViewController.m */ = {isa = PBXFileReference; fileEncoding = 4; lastKnownFileType = sourcecode.c.objc; path = ContainerViewController.m; sourceTree = "<group>"; };
		BD156BD71B5C87DE00F73FA3 /* ContainerViewController.xib */ = {isa = PBXFileReference; fileEncoding = 4; lastKnownFileType = file.xib; path = ContainerViewController.xib; sourceTree = "<group>"; };
/* End PBXFileReference section */

/* Begin PBXFrameworksBuildPhase section */
		BD156B951B5C86AE00F73FA3 /* Frameworks */ = {
			isa = PBXFrameworksBuildPhase;
			buildActionMask = 2147483647;
			files = (
			);
			runOnlyForDeploymentPostprocessing = 0;
		};
		BD156BAE1B5C86B100F73FA3 /* Frameworks */ = {
			isa = PBXFrameworksBuildPhase;
			buildActionMask = 2147483647;
			files = (
			);
			runOnlyForDeploymentPostprocessing = 0;
		};
		BD156BB91B5C86B200F73FA3 /* Frameworks */ = {
			isa = PBXFrameworksBuildPhase;
			buildActionMask = 2147483647;
			files = (
			);
			runOnlyForDeploymentPostprocessing = 0;
		};
/* End PBXFrameworksBuildPhase section */

/* Begin PBXGroup section */
		BD156B8F1B5C86AD00F73FA3 = {
			isa = PBXGroup;
			children = (
				BD156B9A1B5C86AF00F73FA3 /* ViewWillApperance */,
				BD156BB41B5C86B100F73FA3 /* ViewWillApperanceTests */,
				BD156BBF1B5C86B200F73FA3 /* ViewWillApperanceUITests */,
				BD156B991B5C86AF00F73FA3 /* Products */,
			);
			sourceTree = "<group>";
		};
		BD156B991B5C86AF00F73FA3 /* Products */ = {
			isa = PBXGroup;
			children = (
				BD156B981B5C86AE00F73FA3 /* ViewWillApperance.app */,
				BD156BB11B5C86B100F73FA3 /* ViewWillApperanceTests.xctest */,
				BD156BBC1B5C86B200F73FA3 /* ViewWillApperanceUITests.xctest */,
			);
			name = Products;
			sourceTree = "<group>";
		};
		BD156B9A1B5C86AF00F73FA3 /* ViewWillApperance */ = {
			isa = PBXGroup;
			children = (
				BD156B9E1B5C86AF00F73FA3 /* AppDelegate.h */,
				BD156B9F1B5C86AF00F73FA3 /* AppDelegate.m */,
				BD156BD01B5C87CA00F73FA3 /* MainViewController.h */,
				BD156BD11B5C87CA00F73FA3 /* MainViewController.m */,
				BD156BD21B5C87CA00F73FA3 /* MainViewController.xib */,
				BD156BA11B5C86B000F73FA3 /* ViewController.h */,
				BD156BA21B5C86B000F73FA3 /* ViewController.m */,
				BD156BA41B5C86B000F73FA3 /* Main.storyboard */,
				BD156BA71B5C86B000F73FA3 /* Assets.xcassets */,
				BD156BA91B5C86B100F73FA3 /* LaunchScreen.storyboard */,
				BD156BAC1B5C86B100F73FA3 /* Info.plist */,
				BD156B9B1B5C86AF00F73FA3 /* Supporting Files */,
				BD156BCE1B5C86ED00F73FA3 /* View.xib */,
				BD156BD51B5C87DE00F73FA3 /* ContainerViewController.h */,
				BD156BD61B5C87DE00F73FA3 /* ContainerViewController.m */,
				BD156BD71B5C87DE00F73FA3 /* ContainerViewController.xib */,
			);
			path = ViewWillApperance;
			sourceTree = "<group>";
		};
		BD156B9B1B5C86AF00F73FA3 /* Supporting Files */ = {
			isa = PBXGroup;
			children = (
				BD156B9C1B5C86AF00F73FA3 /* main.m */,
			);
			name = "Supporting Files";
			sourceTree = "<group>";
		};
		BD156BB41B5C86B100F73FA3 /* ViewWillApperanceTests */ = {
			isa = PBXGroup;
			children = (
				BD156BB51B5C86B100F73FA3 /* ViewWillApperanceTests.m */,
				BD156BB71B5C86B100F73FA3 /* Info.plist */,
			);
			path = ViewWillApperanceTests;
			sourceTree = "<group>";
		};
		BD156BBF1B5C86B200F73FA3 /* ViewWillApperanceUITests */ = {
			isa = PBXGroup;
			children = (
				BD156BC01B5C86B200F73FA3 /* ViewWillApperanceUITests.m */,
				BD156BC21B5C86B300F73FA3 /* Info.plist */,
			);
			path = ViewWillApperanceUITests;
			sourceTree = "<group>";
		};
/* End PBXGroup section */

/* Begin PBXNativeTarget section */
		BD156B971B5C86AE00F73FA3 /* ViewWillApperance */ = {
			isa = PBXNativeTarget;
			buildConfigurationList = BD156BC51B5C86B300F73FA3 /* Build configuration list for PBXNativeTarget "ViewWillApperance" */;
			buildPhases = (
				BD156B941B5C86AE00F73FA3 /* Sources */,
				BD156B951B5C86AE00F73FA3 /* Frameworks */,
				BD156B961B5C86AE00F73FA3 /* Resources */,
			);
			buildRules = (
			);
			dependencies = (
			);
			name = ViewWillApperance;
			productName = ViewWillApperance;
			productReference = BD156B981B5C86AE00F73FA3 /* ViewWillApperance.app */;
			productType = "com.apple.product-type.application";
		};
		BD156BB01B5C86B100F73FA3 /* ViewWillApperanceTests */ = {
			isa = PBXNativeTarget;
			buildConfigurationList = BD156BC81B5C86B300F73FA3 /* Build configuration list for PBXNativeTarget "ViewWillApperanceTests" */;
			buildPhases = (
				BD156BAD1B5C86B100F73FA3 /* Sources */,
				BD156BAE1B5C86B100F73FA3 /* Frameworks */,
				BD156BAF1B5C86B100F73FA3 /* Resources */,
			);
			buildRules = (
			);
			dependencies = (
				BD156BB31B5C86B100F73FA3 /* PBXTargetDependency */,
			);
			name = ViewWillApperanceTests;
			productName = ViewWillApperanceTests;
			productReference = BD156BB11B5C86B100F73FA3 /* ViewWillApperanceTests.xctest */;
			productType = "com.apple.product-type.bundle.unit-test";
		};
		BD156BBB1B5C86B200F73FA3 /* ViewWillApperanceUITests */ = {
			isa = PBXNativeTarget;
			buildConfigurationList = BD156BCB1B5C86B300F73FA3 /* Build configuration list for PBXNativeTarget "ViewWillApperanceUITests" */;
			buildPhases = (
				BD156BB81B5C86B200F73FA3 /* Sources */,
				BD156BB91B5C86B200F73FA3 /* Frameworks */,
				BD156BBA1B5C86B200F73FA3 /* Resources */,
			);
			buildRules = (
			);
			dependencies = (
				BD156BBE1B5C86B200F73FA3 /* PBXTargetDependency */,
			);
			name = ViewWillApperanceUITests;
			productName = ViewWillApperanceUITests;
			productReference = BD156BBC1B5C86B200F73FA3 /* ViewWillApperanceUITests.xctest */;
			productType = "com.apple.product-type.bundle.ui-testing";
		};
/* End PBXNativeTarget section */

/* Begin PBXProject section */
		BD156B901B5C86AD00F73FA3 /* Project object */ = {
			isa = PBXProject;
			attributes = {
				LastUpgradeCheck = 0700;
				ORGANIZATIONNAME = lben;
				TargetAttributes = {
					BD156B971B5C86AE00F73FA3 = {
						CreatedOnToolsVersion = 7.0;
					};
					BD156BB01B5C86B100F73FA3 = {
						CreatedOnToolsVersion = 7.0;
						TestTargetID = BD156B971B5C86AE00F73FA3;
					};
					BD156BBB1B5C86B200F73FA3 = {
						CreatedOnToolsVersion = 7.0;
						TestTargetID = BD156B971B5C86AE00F73FA3;
					};
				};
			};
			buildConfigurationList = BD156B931B5C86AE00F73FA3 /* Build configuration list for PBXProject "ViewWillApperance" */;
			compatibilityVersion = "Xcode 3.2";
			developmentRegion = English;
			hasScannedForEncodings = 0;
			knownRegions = (
				en,
				Base,
			);
			mainGroup = BD156B8F1B5C86AD00F73FA3;
			productRefGroup = BD156B991B5C86AF00F73FA3 /* Products */;
			projectDirPath = "";
			projectRoot = "";
			targets = (
				BD156B971B5C86AE00F73FA3 /* ViewWillApperance */,
				BD156BB01B5C86B100F73FA3 /* ViewWillApperanceTests */,
				BD156BBB1B5C86B200F73FA3 /* ViewWillApperanceUITests */,
			);
		};
/* End PBXProject section */

/* Begin PBXResourcesBuildPhase section */
		BD156B961B5C86AE00F73FA3 /* Resources */ = {
			isa = PBXResourcesBuildPhase;
			buildActionMask = 2147483647;
			files = (
				BD156BCF1B5C86ED00F73FA3 /* View.xib in Resources */,
				BD156BAB1B5C86B100F73FA3 /* LaunchScreen.storyboard in Resources */,
				BD156BD91B5C87DE00F73FA3 /* ContainerViewController.xib in Resources */,
				BD156BD41B5C87CA00F73FA3 /* MainViewController.xib in Resources */,
				BD156BA81B5C86B000F73FA3 /* Assets.xcassets in Resources */,
				BD156BA61B5C86B000F73FA3 /* Main.storyboard in Resources */,
			);
			runOnlyForDeploymentPostprocessing = 0;
		};
		BD156BAF1B5C86B100F73FA3 /* Resources */ = {
			isa = PBXResourcesBuildPhase;
			buildActionMask = 2147483647;
			files = (
			);
			runOnlyForDeploymentPostprocessing = 0;
		};
		BD156BBA1B5C86B200F73FA3 /* Resources */ = {
			isa = PBXResourcesBuildPhase;
			buildActionMask = 2147483647;
			files = (
			);
			runOnlyForDeploymentPostprocessing = 0;
		};
/* End PBXResourcesBuildPhase section */

/* Begin PBXSourcesBuildPhase section */
		BD156B941B5C86AE00F73FA3 /* Sources */ = {
			isa = PBXSourcesBuildPhase;
			buildActionMask = 2147483647;
			files = (
				BD156BA31B5C86B000F73FA3 /* ViewController.m in Sources */,
				BD156BA01B5C86AF00F73FA3 /* AppDelegate.m in Sources */,
				BD156B9D1B5C86AF00F73FA3 /* main.m in Sources */,
				BD156BD31B5C87CA00F73FA3 /* MainViewController.m in Sources */,
				BD156BD81B5C87DE00F73FA3 /* ContainerViewController.m in Sources */,
			);
			runOnlyForDeploymentPostprocessing = 0;
		};
		BD156BAD1B5C86B100F73FA3 /* Sources */ = {
			isa = PBXSourcesBuildPhase;
			buildActionMask = 2147483647;
			files = (
				BD156BB61B5C86B100F73FA3 /* ViewWillApperanceTests.m in Sources */,
			);
			runOnlyForDeploymentPostprocessing = 0;
		};
		BD156BB81B5C86B200F73FA3 /* Sources */ = {
			isa = PBXSourcesBuildPhase;
			buildActionMask = 2147483647;
			files = (
				BD156BC11B5C86B200F73FA3 /* ViewWillApperanceUITests.m in Sources */,
			);
			runOnlyForDeploymentPostprocessing = 0;
		};
/* End PBXSourcesBuildPhase section */

/* Begin PBXTargetDependency section */
		BD156BB31B5C86B100F73FA3 /* PBXTargetDependency */ = {
			isa = PBXTargetDependency;
			target = BD156B971B5C86AE00F73FA3 /* ViewWillApperance */;
			targetProxy = BD156BB21B5C86B100F73FA3 /* PBXContainerItemProxy */;
		};
		BD156BBE1B5C86B200F73FA3 /* PBXTargetDependency */ = {
			isa = PBXTargetDependency;
			target = BD156B971B5C86AE00F73FA3 /* ViewWillApperance */;
			targetProxy = BD156BBD1B5C86B200F73FA3 /* PBXContainerItemProxy */;
		};
/* End PBXTargetDependency section */

/* Begin PBXVariantGroup section */
		BD156BA41B5C86B000F73FA3 /* Main.storyboard */ = {
			isa = PBXVariantGroup;
			children = (
				BD156BA51B5C86B000F73FA3 /* Base */,
			);
			name = Main.storyboard;
			sourceTree = "<group>";
		};
		BD156BA91B5C86B100F73FA3 /* LaunchScreen.storyboard */ = {
			isa = PBXVariantGroup;
			children = (
				BD156BAA1B5C86B100F73FA3 /* Base */,
			);
			name = LaunchScreen.storyboard;
			sourceTree = "<group>";
		};
/* End PBXVariantGroup section */

/* Begin XCBuildConfiguration section */
		BD156BC31B5C86B300F73FA3 /* Debug */ = {
			isa = XCBuildConfiguration;
			buildSettings = {
				ALWAYS_SEARCH_USER_PATHS = NO;
				CLANG_CXX_LANGUAGE_STANDARD = "gnu++0x";
				CLANG_CXX_LIBRARY = "libc++";
				CLANG_ENABLE_MODULES = YES;
				CLANG_ENABLE_OBJC_ARC = YES;
				CLANG_WARN_BOOL_CONVERSION = YES;
				CLANG_WARN_CONSTANT_CONVERSION = YES;
				CLANG_WARN_DIRECT_OBJC_ISA_USAGE = YES_ERROR;
				CLANG_WARN_EMPTY_BODY = YES;
				CLANG_WARN_ENUM_CONVERSION = YES;
				CLANG_WARN_INT_CONVERSION = YES;
				CLANG_WARN_OBJC_ROOT_CLASS = YES_ERROR;
				CLANG_WARN_UNREACHABLE_CODE = YES;
				CLANG_WARN__DUPLICATE_METHOD_MATCH = YES;
				"CODE_SIGN_IDENTITY[sdk=iphoneos*]" = "iPhone Developer";
				COPY_PHASE_STRIP = NO;
				DEBUG_INFORMATION_FORMAT = dwarf;
				ENABLE_STRICT_OBJC_MSGSEND = YES;
				ENABLE_TESTABILITY = YES;
				GCC_C_LANGUAGE_STANDARD = gnu99;
				GCC_DYNAMIC_NO_PIC = NO;
				GCC_NO_COMMON_BLOCKS = YES;
				GCC_OPTIMIZATION_LEVEL = 0;
				GCC_PREPROCESSOR_DEFINITIONS = (
					"DEBUG=1",
					"$(inherited)",
				);
				GCC_WARN_64_TO_32_BIT_CONVERSION = YES;
				GCC_WARN_ABOUT_RETURN_TYPE = YES_ERROR;
				GCC_WARN_UNDECLARED_SELECTOR = YES;
				GCC_WARN_UNINITIALIZED_AUTOS = YES_AGGRESSIVE;
				GCC_WARN_UNUSED_FUNCTION = YES;
				GCC_WARN_UNUSED_VARIABLE = YES;
				IPHONEOS_DEPLOYMENT_TARGET = 9.0;
				MTL_ENABLE_DEBUG_INFO = YES;
				ONLY_ACTIVE_ARCH = YES;
				SDKROOT = iphoneos;
				TARGETED_DEVICE_FAMILY = "1,2";
			};
			name = Debug;
		};
		BD156BC41B5C86B300F73FA3 /* Release */ = {
			isa = XCBuildConfiguration;
			buildSettings = {
				ALWAYS_SEARCH_USER_PATHS = NO;
				CLANG_CXX_LANGUAGE_STANDARD = "gnu++0x";
				CLANG_CXX_LIBRARY = "libc++";
				CLANG_ENABLE_MODULES = YES;
				CLANG_ENABLE_OBJC_ARC = YES;
				CLANG_WARN_BOOL_CONVERSION = YES;
				CLANG_WARN_CONSTANT_CONVERSION = YES;
				CLANG_WARN_DIRECT_OBJC_ISA_USAGE = YES_ERROR;
				CLANG_WARN_EMPTY_BODY = YES;
				CLANG_WARN_ENUM_CONVERSION = YES;
				CLANG_WARN_INT_CONVERSION = YES;
				CLANG_WARN_OBJC_ROOT_CLASS = YES_ERROR;
				CLANG_WARN_UNREACHABLE_CODE = YES;
				CLANG_WARN__DUPLICATE_METHOD_MATCH = YES;
				"CODE_SIGN_IDENTITY[sdk=iphoneos*]" = "iPhone Developer";
				COPY_PHASE_STRIP = NO;
				DEBUG_INFORMATION_FORMAT = "dwarf-with-dsym";
				ENABLE_NS_ASSERTIONS = NO;
				ENABLE_STRICT_OBJC_MSGSEND = YES;
				GCC_C_LANGUAGE_STANDARD = gnu99;
				GCC_NO_COMMON_BLOCKS = YES;
				GCC_WARN_64_TO_32_BIT_CONVERSION = YES;
				GCC_WARN_ABOUT_RETURN_TYPE = YES_ERROR;
				GCC_WARN_UNDECLARED_SELECTOR = YES;
				GCC_WARN_UNINITIALIZED_AUTOS = YES_AGGRESSIVE;
				GCC_WARN_UNUSED_FUNCTION = YES;
				GCC_WARN_UNUSED_VARIABLE = YES;
				IPHONEOS_DEPLOYMENT_TARGET = 9.0;
				MTL_ENABLE_DEBUG_INFO = NO;
				SDKROOT = iphoneos;
				TARGETED_DEVICE_FAMILY = "1,2";
				VALIDATE_PRODUCT = YES;
			};
			name = Release;
		};
		BD156BC61B5C86B300F73FA3 /* Debug */ = {
			isa = XCBuildConfiguration;
			buildSettings = {
				ASSETCATALOG_COMPILER_APPICON_NAME = AppIcon;
				INFOPLIST_FILE = ViewWillApperance/Info.plist;
				LD_RUNPATH_SEARCH_PATHS = "$(inherited) @executable_path/Frameworks";
				PRODUCT_BUNDLE_IDENTIFIER = com.acctrsf.ViewWillApperance;
				PRODUCT_NAME = "$(TARGET_NAME)";
			};
			name = Debug;
		};
		BD156BC71B5C86B300F73FA3 /* Release */ = {
			isa = XCBuildConfiguration;
			buildSettings = {
				ASSETCATALOG_COMPILER_APPICON_NAME = AppIcon;
				INFOPLIST_FILE = ViewWillApperance/Info.plist;
				LD_RUNPATH_SEARCH_PATHS = "$(inherited) @executable_path/Frameworks";
				PRODUCT_BUNDLE_IDENTIFIER = com.acctrsf.ViewWillApperance;
				PRODUCT_NAME = "$(TARGET_NAME)";
			};
			name = Release;
		};
		BD156BC91B5C86B300F73FA3 /* Debug */ = {
			isa = XCBuildConfiguration;
			buildSettings = {
				BUNDLE_LOADER = "$(TEST_HOST)";
				INFOPLIST_FILE = ViewWillApperanceTests/Info.plist;
				LD_RUNPATH_SEARCH_PATHS = "$(inherited) @executable_path/Frameworks @loader_path/Frameworks";
				PRODUCT_BUNDLE_IDENTIFIER = com.acctrsf.ViewWillApperanceTests;
				PRODUCT_NAME = "$(TARGET_NAME)";
				TEST_HOST = "$(BUILT_PRODUCTS_DIR)/ViewWillApperance.app/ViewWillApperance";
			};
			name = Debug;
		};
		BD156BCA1B5C86B300F73FA3 /* Release */ = {
			isa = XCBuildConfiguration;
			buildSettings = {
				BUNDLE_LOADER = "$(TEST_HOST)";
				INFOPLIST_FILE = ViewWillApperanceTests/Info.plist;
				LD_RUNPATH_SEARCH_PATHS = "$(inherited) @executable_path/Frameworks @loader_path/Frameworks";
				PRODUCT_BUNDLE_IDENTIFIER = com.acctrsf.ViewWillApperanceTests;
				PRODUCT_NAME = "$(TARGET_NAME)";
				TEST_HOST = "$(BUILT_PRODUCTS_DIR)/ViewWillApperance.app/ViewWillApperance";
			};
			name = Release;
		};
		BD156BCC1B5C86B300F73FA3 /* Debug */ = {
			isa = XCBuildConfiguration;
			buildSettings = {
				INFOPLIST_FILE = ViewWillApperanceUITests/Info.plist;
				LD_RUNPATH_SEARCH_PATHS = "$(inherited) @executable_path/Frameworks @loader_path/Frameworks";
				PRODUCT_BUNDLE_IDENTIFIER = com.acctrsf.ViewWillApperanceUITests;
				PRODUCT_NAME = "$(TARGET_NAME)";
				TEST_TARGET_NAME = ViewWillApperance;
				USES_XCTRUNNER = YES;
			};
			name = Debug;
		};
		BD156BCD1B5C86B300F73FA3 /* Release */ = {
			isa = XCBuildConfiguration;
			buildSettings = {
				INFOPLIST_FILE = ViewWillApperanceUITests/Info.plist;
				LD_RUNPATH_SEARCH_PATHS = "$(inherited) @executable_path/Frameworks @loader_path/Frameworks";
				PRODUCT_BUNDLE_IDENTIFIER = com.acctrsf.ViewWillApperanceUITests;
				PRODUCT_NAME = "$(TARGET_NAME)";
				TEST_TARGET_NAME = ViewWillApperance;
				USES_XCTRUNNER = YES;
			};
			name = Release;
		};
/* End XCBuildConfiguration section */

/* Begin XCConfigurationList section */
		BD156B931B5C86AE00F73FA3 /* Build configuration list for PBXProject "ViewWillApperance" */ = {
			isa = XCConfigurationList;
			buildConfigurations = (
				BD156BC31B5C86B300F73FA3 /* Debug */,
				BD156BC41B5C86B300F73FA3 /* Release */,
			);
			defaultConfigurationIsVisible = 0;
			defaultConfigurationName = Release;
		};
		BD156BC51B5C86B300F73FA3 /* Build configuration list for PBXNativeTarget "ViewWillApperance" */ = {
			isa = XCConfigurationList;
			buildConfigurations = (
				BD156BC61B5C86B300F73FA3 /* Debug */,
				BD156BC71B5C86B300F73FA3 /* Release */,
			);
			defaultConfigurationIsVisible = 0;
		};
		BD156BC81B5C86B300F73FA3 /* Build configuration list for PBXNativeTarget "ViewWillApperanceTests" */ = {
			isa = XCConfigurationList;
			buildConfigurations = (
				BD156BC91B5C86B300F73FA3 /* Debug */,
				BD156BCA1B5C86B300F73FA3 /* Release */,
			);
			defaultConfigurationIsVisible = 0;
		};
		BD156BCB1B5C86B300F73FA3 /* Build configuration list for PBXNativeTarget "ViewWillApperanceUITests" */ = {
			isa = XCConfigurationList;
			buildConfigurations = (
				BD156BCC1B5C86B300F73FA3 /* Debug */,
				BD156BCD1B5C86B300F73FA3 /* Release */,
			);
			defaultConfigurationIsVisible = 0;
		};
/* End XCConfigurationList section */
	};
	rootObject = BD156B901B5C86AD00F73FA3 /* Project object */;
}
